// !$*UTF8*$!
{
	archiveVersion = 1;
	classes = {
	};
	objectVersion = 60;
	objects = {

/* Begin PBXBuildFile section */
		4E532A38813FA35687365BAB /* Pods_Meteor.framework in Frameworks */ = {isa = PBXBuildFile; fileRef = F77683742A9595DC00824E4E /* Pods_Meteor.framework */; };
		A04AE61826453C1F008BB99C /* TabBar.swift in Sources */ = {isa = PBXBuildFile; fileRef = A04AE61726453C1F008BB99C /* TabBar.swift */; };
		A0998A4F25FC99E7001BAEFD /* AppDelegate.swift in Sources */ = {isa = PBXBuildFile; fileRef = A0998A4E25FC99E7001BAEFD /* AppDelegate.swift */; };
		A0998A5125FC99E7001BAEFD /* SceneDelegate.swift in Sources */ = {isa = PBXBuildFile; fileRef = A0998A5025FC99E7001BAEFD /* SceneDelegate.swift */; };
		A0998A5325FC99E7001BAEFD /* MeteorViewController.swift in Sources */ = {isa = PBXBuildFile; fileRef = A0998A5225FC99E7001BAEFD /* MeteorViewController.swift */; };
		A0998A5825FC99E9001BAEFD /* Assets.xcassets in Resources */ = {isa = PBXBuildFile; fileRef = A0998A5725FC99E9001BAEFD /* Assets.xcassets */; };
		A0998A5B25FC99E9001BAEFD /* LaunchScreen.storyboard in Resources */ = {isa = PBXBuildFile; fileRef = A0998A5925FC99E9001BAEFD /* LaunchScreen.storyboard */; };
		A0A4C11F25FDDEA00090A214 /* SettingsViewController.swift in Sources */ = {isa = PBXBuildFile; fileRef = A0A4C11E25FDDEA00090A214 /* SettingsViewController.swift */; };
		A0AAAFA526270CC600D6E5EB /* VersionViewController.swift in Sources */ = {isa = PBXBuildFile; fileRef = A0AAAFA426270CC600D6E5EB /* VersionViewController.swift */; };
		F71AF73A2AADB44F00DBECBE /* TextView+.swift in Sources */ = {isa = PBXBuildFile; fileRef = F71AF7392AADB44F00DBECBE /* TextView+.swift */; };
		F72964AB2BB432300068CF04 /* Puller in Frameworks */ = {isa = PBXBuildFile; productRef = F72964AA2BB432300068CF04 /* Puller */; };
		F72964B12BB4732F0068CF04 /* MeteorHistoryView.swift in Sources */ = {isa = PBXBuildFile; fileRef = F72964B02BB4732F0068CF04 /* MeteorHistoryView.swift */; };
		F72964B32BB475F40068CF04 /* History.swift in Sources */ = {isa = PBXBuildFile; fileRef = F72964B22BB475F40068CF04 /* History.swift */; };
		F734A77B2BCE8DE400C9ABFD /* GoogleService-Info.plist in Resources */ = {isa = PBXBuildFile; fileRef = F734A77A2BCE8DE400C9ABFD /* GoogleService-Info.plist */; };
		F734A77E2BCEE3BA00C9ABFD /* AuthKey.p8 in Resources */ = {isa = PBXBuildFile; fileRef = F734A77C2BCEE3BA00C9ABFD /* AuthKey.p8 */; };
		F734A77F2BCEE3BA00C9ABFD /* IDList.plist in Resources */ = {isa = PBXBuildFile; fileRef = F734A77D2BCEE3BA00C9ABFD /* IDList.plist */; };
		F734A7852BD00D5800C9ABFD /* Date+.swift in Sources */ = {isa = PBXBuildFile; fileRef = F734A7842BD00D5800C9ABFD /* Date+.swift */; };
		F734A78B2BD0663800C9ABFD /* AlwaysOnLiveView.swift in Sources */ = {isa = PBXBuildFile; fileRef = F734A78A2BD0663800C9ABFD /* AlwaysOnLiveView.swift */; };
		F73882D02BCC992600B1A15A /* Data+.swift in Sources */ = {isa = PBXBuildFile; fileRef = F73882CF2BCC992600B1A15A /* Data+.swift */; };
		F73882D22BCE45D200B1A15A /* APNSManager.swift in Sources */ = {isa = PBXBuildFile; fileRef = F73882D12BCE45D200B1A15A /* APNSManager.swift */; };
		F73882D42BCE4D6300B1A15A /* JSONWebToken.swift in Sources */ = {isa = PBXBuildFile; fileRef = F73882D32BCE4D6300B1A15A /* JSONWebToken.swift */; };
		F73882D82BCE4E2000B1A15A /* EllipticCurveKey.swift in Sources */ = {isa = PBXBuildFile; fileRef = F73882D72BCE4E2000B1A15A /* EllipticCurveKey.swift */; };
		F73882DA2BCE4E4000B1A15A /* FileParser.swift in Sources */ = {isa = PBXBuildFile; fileRef = F73882D92BCE4E4000B1A15A /* FileParser.swift */; };
		F73882E32BCE595400B1A15A /* P8Payload.swift in Sources */ = {isa = PBXBuildFile; fileRef = F73882E22BCE595400B1A15A /* P8Payload.swift */; };
		F758AC5C2BAD53DB00CC19A9 /* Localizable.xcstrings in Resources */ = {isa = PBXBuildFile; fileRef = F758AC5B2BAD53DB00CC19A9 /* Localizable.xcstrings */; };
		F77188C12A9300E400939BCD /* UIDevice+.swift in Sources */ = {isa = PBXBuildFile; fileRef = F77188C02A9300E400939BCD /* UIDevice+.swift */; };
		F776839E2A95A41800824E4E /* MeteorReviewViewController.swift in Sources */ = {isa = PBXBuildFile; fileRef = F776839D2A95A41800824E4E /* MeteorReviewViewController.swift */; };
		F77683A12A95A45800824E4E /* SnapKit in Frameworks */ = {isa = PBXBuildFile; productRef = F77683A02A95A45800824E4E /* SnapKit */; };
		F77683A62A95C92F00824E4E /* Lottie in Frameworks */ = {isa = PBXBuildFile; productRef = F77683A52A95C92F00824E4E /* Lottie */; };
		F77683AC2A95CB7D00824E4E /* lottie_face.json in Resources */ = {isa = PBXBuildFile; fileRef = F77683AB2A95CB7D00824E4E /* lottie_face.json */; };
		F77A9BF92BB593A600CD015B /* PrivacyInfo.xcprivacy in Resources */ = {isa = PBXBuildFile; fileRef = F77A9BF82BB593A600CD015B /* PrivacyInfo.xcprivacy */; };
		F77A9BFB2BB5950D00CD015B /* PrivacyInfo.xcprivacy in Resources */ = {isa = PBXBuildFile; fileRef = F77A9BF82BB593A600CD015B /* PrivacyInfo.xcprivacy */; };
		F77E75302A7CABAA008F1883 /* meteor_splash.png in Resources */ = {isa = PBXBuildFile; fileRef = F77E752F2A7CABAA008F1883 /* meteor_splash.png */; };
		F77E75402A7E2AE6008F1883 /* MeteorViewModel.swift in Sources */ = {isa = PBXBuildFile; fileRef = F77E753F2A7E2AE6008F1883 /* MeteorViewModel.swift */; };
		F77E75422A7E3338008F1883 /* Base.swift in Sources */ = {isa = PBXBuildFile; fileRef = F77E75412A7E3338008F1883 /* Base.swift */; };
		F77E75442A80C180008F1883 /* Vibration.swift in Sources */ = {isa = PBXBuildFile; fileRef = F77E75432A80C180008F1883 /* Vibration.swift */; };
		F77E75492A80CE87008F1883 /* SettingsViewModel.swift in Sources */ = {isa = PBXBuildFile; fileRef = F77E75482A80CE87008F1883 /* SettingsViewModel.swift */; };
		F77E754B2A811827008F1883 /* NoticeCell.swift in Sources */ = {isa = PBXBuildFile; fileRef = F77E754A2A811827008F1883 /* NoticeCell.swift */; };
		F78A549E2AB43E5700507678 /* ToastManager.swift in Sources */ = {isa = PBXBuildFile; fileRef = F78A549D2AB43E5700507678 /* ToastManager.swift */; };
		F7972D402A85EA6600050263 /* SwiftUI.framework in Frameworks */ = {isa = PBXBuildFile; fileRef = A018483626A551C700DC3A59 /* SwiftUI.framework */; };
		F7972D432A85EA6600050263 /* MeteorWidgetBundle.swift in Sources */ = {isa = PBXBuildFile; fileRef = F7972D422A85EA6600050263 /* MeteorWidgetBundle.swift */; };
		F7972D452A85EA6600050263 /* MeteorActivityConfiguration.swift in Sources */ = {isa = PBXBuildFile; fileRef = F7972D442A85EA6600050263 /* MeteorActivityConfiguration.swift */; };
		F7972D472A85EA6600050263 /* MeteorWidget.swift in Sources */ = {isa = PBXBuildFile; fileRef = F7972D462A85EA6600050263 /* MeteorWidget.swift */; };
		F7972D492A85EA6700050263 /* Assets.xcassets in Resources */ = {isa = PBXBuildFile; fileRef = F7972D482A85EA6700050263 /* Assets.xcassets */; };
		F7972D4D2A85EA6700050263 /* MeteorWidgetExtension.appex in Embed Foundation Extensions */ = {isa = PBXBuildFile; fileRef = F7972D3E2A85EA6600050263 /* MeteorWidgetExtension.appex */; settings = {ATTRIBUTES = (RemoveHeadersOnCopy, ); }; };
		F7972D512A85F46200050263 /* MeteorActivityConfiguration.swift in Sources */ = {isa = PBXBuildFile; fileRef = F7972D442A85EA6600050263 /* MeteorActivityConfiguration.swift */; };
		F79CED572BBD134600683914 /* ActivityKit.framework in Frameworks */ = {isa = PBXBuildFile; fileRef = F79CED502BBD0FDC00683914 /* ActivityKit.framework */; };
		F7D6D4792A971111004C9D25 /* Alamofire in Frameworks */ = {isa = PBXBuildFile; productRef = F7D6D4782A971111004C9D25 /* Alamofire */; };
		F7DDA5452A81F0A800265ABD /* Toast in Frameworks */ = {isa = PBXBuildFile; productRef = F7DDA5442A81F0A800265ABD /* Toast */; };
		F7E7C80C2AA9B91B004D6E90 /* MeteorInputViewController.swift in Sources */ = {isa = PBXBuildFile; fileRef = F7E7C80B2AA9B91B004D6E90 /* MeteorInputViewController.swift */; };
		F7EF997A2A9E385100EB07BC /* UserDefaultsKeys.swift in Sources */ = {isa = PBXBuildFile; fileRef = F7EF99792A9E385100EB07BC /* UserDefaultsKeys.swift */; };
		F7F79FC82A8F175700FA5464 /* Main.storyboard in Resources */ = {isa = PBXBuildFile; fileRef = F7F79FCA2A8F175700FA5464 /* Main.storyboard */; };
		F7F79FD02A90A1EC00FA5464 /* String+.swift in Sources */ = {isa = PBXBuildFile; fileRef = F7F79FCF2A90A1EC00FA5464 /* String+.swift */; };
		FB16310EE170AA09127D8DF3 /* Pods_Meteor.framework in Frameworks */ = {isa = PBXBuildFile; fileRef = 0EA6E343EA2D21241749A7A3 /* Pods_Meteor.framework */; };
/* End PBXBuildFile section */

/* Begin PBXContainerItemProxy section */
		F7972D4B2A85EA6700050263 /* PBXContainerItemProxy */ = {
			isa = PBXContainerItemProxy;
			containerPortal = A0998A4325FC99E7001BAEFD /* Project object */;
			proxyType = 1;
			remoteGlobalIDString = F7972D3D2A85EA6600050263;
			remoteInfo = MeteorWidgetExtension;
		};
/* End PBXContainerItemProxy section */

/* Begin PBXCopyFilesBuildPhase section */
		A018484126A551C800DC3A59 /* Embed Foundation Extensions */ = {
			isa = PBXCopyFilesBuildPhase;
			buildActionMask = 2147483647;
			dstPath = "";
			dstSubfolderSpec = 13;
			files = (
				F7972D4D2A85EA6700050263 /* MeteorWidgetExtension.appex in Embed Foundation Extensions */,
			);
			name = "Embed Foundation Extensions";
			runOnlyForDeploymentPostprocessing = 0;
		};
/* End PBXCopyFilesBuildPhase section */

/* Begin PBXFileReference section */
		0EA6E343EA2D21241749A7A3 /* Pods_Meteor.framework */ = {isa = PBXFileReference; explicitFileType = wrapper.framework; includeInIndex = 0; path = Pods_Meteor.framework; sourceTree = BUILT_PRODUCTS_DIR; };
		61E919CE84E105AC3B477782 /* Pods-Meteor.release.xcconfig */ = {isa = PBXFileReference; includeInIndex = 1; lastKnownFileType = text.xcconfig; name = "Pods-Meteor.release.xcconfig"; path = "Target Support Files/Pods-Meteor/Pods-Meteor.release.xcconfig"; sourceTree = "<group>"; };
		9E2BBE5DB9E5687631CF8353 /* Pods-Meteor.debug.xcconfig */ = {isa = PBXFileReference; includeInIndex = 1; lastKnownFileType = text.xcconfig; name = "Pods-Meteor.debug.xcconfig"; path = "Target Support Files/Pods-Meteor/Pods-Meteor.debug.xcconfig"; sourceTree = "<group>"; };
		A018483426A551C700DC3A59 /* WidgetKit.framework */ = {isa = PBXFileReference; lastKnownFileType = wrapper.framework; name = WidgetKit.framework; path = System/Library/Frameworks/WidgetKit.framework; sourceTree = SDKROOT; };
		A018483626A551C700DC3A59 /* SwiftUI.framework */ = {isa = PBXFileReference; lastKnownFileType = wrapper.framework; name = SwiftUI.framework; path = System/Library/Frameworks/SwiftUI.framework; sourceTree = SDKROOT; };
		A018484526A551F300DC3A59 /* Meteor.entitlements */ = {isa = PBXFileReference; lastKnownFileType = text.plist.entitlements; path = Meteor.entitlements; sourceTree = "<group>"; };
		A018484626A5532F00DC3A59 /* MeteorWidgetExtension.entitlements */ = {isa = PBXFileReference; lastKnownFileType = text.plist.entitlements; path = MeteorWidgetExtension.entitlements; sourceTree = "<group>"; };
		A04AE61726453C1F008BB99C /* TabBar.swift */ = {isa = PBXFileReference; lastKnownFileType = sourcecode.swift; path = TabBar.swift; sourceTree = "<group>"; };
		A0998A4B25FC99E7001BAEFD /* Meteor.app */ = {isa = PBXFileReference; explicitFileType = wrapper.application; includeInIndex = 0; path = Meteor.app; sourceTree = BUILT_PRODUCTS_DIR; };
		A0998A4E25FC99E7001BAEFD /* AppDelegate.swift */ = {isa = PBXFileReference; lastKnownFileType = sourcecode.swift; path = AppDelegate.swift; sourceTree = "<group>"; };
		A0998A5025FC99E7001BAEFD /* SceneDelegate.swift */ = {isa = PBXFileReference; lastKnownFileType = sourcecode.swift; path = SceneDelegate.swift; sourceTree = "<group>"; };
		A0998A5225FC99E7001BAEFD /* MeteorViewController.swift */ = {isa = PBXFileReference; lastKnownFileType = sourcecode.swift; path = MeteorViewController.swift; sourceTree = "<group>"; };
		A0998A5725FC99E9001BAEFD /* Assets.xcassets */ = {isa = PBXFileReference; lastKnownFileType = folder.assetcatalog; path = Assets.xcassets; sourceTree = "<group>"; };
		A0998A5A25FC99E9001BAEFD /* Base */ = {isa = PBXFileReference; lastKnownFileType = file.storyboard; name = Base; path = Base.lproj/LaunchScreen.storyboard; sourceTree = "<group>"; };
		A0998A5C25FC99E9001BAEFD /* Info.plist */ = {isa = PBXFileReference; lastKnownFileType = text.plist.xml; path = Info.plist; sourceTree = "<group>"; };
		A0A4C11E25FDDEA00090A214 /* SettingsViewController.swift */ = {isa = PBXFileReference; lastKnownFileType = sourcecode.swift; path = SettingsViewController.swift; sourceTree = "<group>"; };
		A0AAAFA426270CC600D6E5EB /* VersionViewController.swift */ = {isa = PBXFileReference; lastKnownFileType = sourcecode.swift; path = VersionViewController.swift; sourceTree = "<group>"; };
		F71AF7392AADB44F00DBECBE /* TextView+.swift */ = {isa = PBXFileReference; lastKnownFileType = sourcecode.swift; path = "TextView+.swift"; sourceTree = "<group>"; };
		F72964B02BB4732F0068CF04 /* MeteorHistoryView.swift */ = {isa = PBXFileReference; lastKnownFileType = sourcecode.swift; path = MeteorHistoryView.swift; sourceTree = "<group>"; };
		F72964B22BB475F40068CF04 /* History.swift */ = {isa = PBXFileReference; lastKnownFileType = sourcecode.swift; path = History.swift; sourceTree = "<group>"; };
		F734A77A2BCE8DE400C9ABFD /* GoogleService-Info.plist */ = {isa = PBXFileReference; fileEncoding = 4; lastKnownFileType = text.plist.xml; path = "GoogleService-Info.plist"; sourceTree = "<group>"; };
		F734A77C2BCEE3BA00C9ABFD /* AuthKey.p8 */ = {isa = PBXFileReference; fileEncoding = 4; lastKnownFileType = text; path = AuthKey.p8; sourceTree = "<group>"; };
		F734A77D2BCEE3BA00C9ABFD /* IDList.plist */ = {isa = PBXFileReference; fileEncoding = 4; lastKnownFileType = text.plist.xml; path = IDList.plist; sourceTree = "<group>"; };
		F734A7842BD00D5800C9ABFD /* Date+.swift */ = {isa = PBXFileReference; lastKnownFileType = sourcecode.swift; path = "Date+.swift"; sourceTree = "<group>"; };
		F734A78A2BD0663800C9ABFD /* AlwaysOnLiveView.swift */ = {isa = PBXFileReference; lastKnownFileType = sourcecode.swift; path = AlwaysOnLiveView.swift; sourceTree = "<group>"; };
		F73882CF2BCC992600B1A15A /* Data+.swift */ = {isa = PBXFileReference; lastKnownFileType = sourcecode.swift; path = "Data+.swift"; sourceTree = "<group>"; };
		F73882D12BCE45D200B1A15A /* APNSManager.swift */ = {isa = PBXFileReference; lastKnownFileType = sourcecode.swift; path = APNSManager.swift; sourceTree = "<group>"; };
		F73882D32BCE4D6300B1A15A /* JSONWebToken.swift */ = {isa = PBXFileReference; lastKnownFileType = sourcecode.swift; path = JSONWebToken.swift; sourceTree = "<group>"; };
		F73882D72BCE4E2000B1A15A /* EllipticCurveKey.swift */ = {isa = PBXFileReference; lastKnownFileType = sourcecode.swift; path = EllipticCurveKey.swift; sourceTree = "<group>"; };
		F73882D92BCE4E4000B1A15A /* FileParser.swift */ = {isa = PBXFileReference; lastKnownFileType = sourcecode.swift; path = FileParser.swift; sourceTree = "<group>"; };
		F73882E22BCE595400B1A15A /* P8Payload.swift */ = {isa = PBXFileReference; lastKnownFileType = sourcecode.swift; path = P8Payload.swift; sourceTree = "<group>"; };
		F758AC5B2BAD53DB00CC19A9 /* Localizable.xcstrings */ = {isa = PBXFileReference; lastKnownFileType = text.json.xcstrings; path = Localizable.xcstrings; sourceTree = "<group>"; };
		F758AC5D2BAD53DB00CC19A9 /* mul */ = {isa = PBXFileReference; lastKnownFileType = text.json.xcstrings; name = mul; path = mul.lproj/Main.xcstrings; sourceTree = "<group>"; };
		F77188C02A9300E400939BCD /* UIDevice+.swift */ = {isa = PBXFileReference; lastKnownFileType = sourcecode.swift; path = "UIDevice+.swift"; sourceTree = "<group>"; };
		F77683662A9595DC00824E4E /* FirebaseAnalytics.xcframework */ = {isa = PBXFileReference; lastKnownFileType = wrapper.xcframework; name = FirebaseAnalytics.xcframework; path = Pods/FirebaseAnalytics/Frameworks/FirebaseAnalytics.xcframework; sourceTree = "<group>"; };
		F77683672A9595DC00824E4E /* FirebaseCore.framework */ = {isa = PBXFileReference; explicitFileType = wrapper.framework; path = FirebaseCore.framework; sourceTree = BUILT_PRODUCTS_DIR; };
		F77683682A9595DC00824E4E /* FirebaseCoreExtension.framework */ = {isa = PBXFileReference; explicitFileType = wrapper.framework; path = FirebaseCoreExtension.framework; sourceTree = BUILT_PRODUCTS_DIR; };
		F77683692A9595DC00824E4E /* FirebaseCoreInternal.framework */ = {isa = PBXFileReference; explicitFileType = wrapper.framework; path = FirebaseCoreInternal.framework; sourceTree = BUILT_PRODUCTS_DIR; };
		F776836A2A9595DC00824E4E /* FirebaseCrashlytics.framework */ = {isa = PBXFileReference; explicitFileType = wrapper.framework; path = FirebaseCrashlytics.framework; sourceTree = BUILT_PRODUCTS_DIR; };
		F776836B2A9595DC00824E4E /* FirebaseDatabase.framework */ = {isa = PBXFileReference; explicitFileType = wrapper.framework; path = FirebaseDatabase.framework; sourceTree = BUILT_PRODUCTS_DIR; };
		F776836C2A9595DC00824E4E /* FirebaseInstallations.framework */ = {isa = PBXFileReference; explicitFileType = wrapper.framework; path = FirebaseInstallations.framework; sourceTree = BUILT_PRODUCTS_DIR; };
		F776836D2A9595DC00824E4E /* FirebaseSessions.framework */ = {isa = PBXFileReference; explicitFileType = wrapper.framework; path = FirebaseSessions.framework; sourceTree = BUILT_PRODUCTS_DIR; };
		F776836E2A9595DC00824E4E /* GoogleAppMeasurement.xcframework */ = {isa = PBXFileReference; lastKnownFileType = wrapper.xcframework; name = GoogleAppMeasurement.xcframework; path = Pods/GoogleAppMeasurement/Frameworks/GoogleAppMeasurement.xcframework; sourceTree = "<group>"; };
		F776836F2A9595DC00824E4E /* GoogleAppMeasurementIdentitySupport.xcframework */ = {isa = PBXFileReference; lastKnownFileType = wrapper.xcframework; name = GoogleAppMeasurementIdentitySupport.xcframework; path = Pods/GoogleAppMeasurement/Frameworks/GoogleAppMeasurementIdentitySupport.xcframework; sourceTree = "<group>"; };
		F77683702A9595DC00824E4E /* GoogleDataTransport.framework */ = {isa = PBXFileReference; explicitFileType = wrapper.framework; path = GoogleDataTransport.framework; sourceTree = BUILT_PRODUCTS_DIR; };
		F77683712A9595DC00824E4E /* GoogleUtilities.framework */ = {isa = PBXFileReference; explicitFileType = wrapper.framework; path = GoogleUtilities.framework; sourceTree = BUILT_PRODUCTS_DIR; };
		F77683722A9595DC00824E4E /* leveldb.framework */ = {isa = PBXFileReference; explicitFileType = wrapper.framework; path = leveldb.framework; sourceTree = BUILT_PRODUCTS_DIR; };
		F77683732A9595DC00824E4E /* nanopb.framework */ = {isa = PBXFileReference; explicitFileType = wrapper.framework; path = nanopb.framework; sourceTree = BUILT_PRODUCTS_DIR; };
		F77683742A9595DC00824E4E /* Pods_Meteor.framework */ = {isa = PBXFileReference; explicitFileType = wrapper.framework; path = Pods_Meteor.framework; sourceTree = BUILT_PRODUCTS_DIR; };
		F77683752A9595DC00824E4E /* FBLPromises.framework */ = {isa = PBXFileReference; explicitFileType = wrapper.framework; path = FBLPromises.framework; sourceTree = BUILT_PRODUCTS_DIR; };
		F77683762A9595DC00824E4E /* Promises.framework */ = {isa = PBXFileReference; explicitFileType = wrapper.framework; path = Promises.framework; sourceTree = BUILT_PRODUCTS_DIR; };
		F776839D2A95A41800824E4E /* MeteorReviewViewController.swift */ = {isa = PBXFileReference; lastKnownFileType = sourcecode.swift; path = MeteorReviewViewController.swift; sourceTree = "<group>"; };
		F77683AB2A95CB7D00824E4E /* lottie_face.json */ = {isa = PBXFileReference; fileEncoding = 4; lastKnownFileType = text.json; path = lottie_face.json; sourceTree = "<group>"; };
		F77A9BF82BB593A600CD015B /* PrivacyInfo.xcprivacy */ = {isa = PBXFileReference; lastKnownFileType = text.xml; path = PrivacyInfo.xcprivacy; sourceTree = "<group>"; };
		F77E752F2A7CABAA008F1883 /* meteor_splash.png */ = {isa = PBXFileReference; lastKnownFileType = image.png; path = meteor_splash.png; sourceTree = "<group>"; };
		F77E753F2A7E2AE6008F1883 /* MeteorViewModel.swift */ = {isa = PBXFileReference; lastKnownFileType = sourcecode.swift; path = MeteorViewModel.swift; sourceTree = "<group>"; };
		F77E75412A7E3338008F1883 /* Base.swift */ = {isa = PBXFileReference; lastKnownFileType = sourcecode.swift; path = Base.swift; sourceTree = "<group>"; };
		F77E75432A80C180008F1883 /* Vibration.swift */ = {isa = PBXFileReference; lastKnownFileType = sourcecode.swift; path = Vibration.swift; sourceTree = "<group>"; };
		F77E75482A80CE87008F1883 /* SettingsViewModel.swift */ = {isa = PBXFileReference; lastKnownFileType = sourcecode.swift; path = SettingsViewModel.swift; sourceTree = "<group>"; };
		F77E754A2A811827008F1883 /* NoticeCell.swift */ = {isa = PBXFileReference; lastKnownFileType = sourcecode.swift; path = NoticeCell.swift; sourceTree = "<group>"; };
		F78A549D2AB43E5700507678 /* ToastManager.swift */ = {isa = PBXFileReference; lastKnownFileType = sourcecode.swift; path = ToastManager.swift; sourceTree = "<group>"; };
		F7972D3E2A85EA6600050263 /* MeteorWidgetExtension.appex */ = {isa = PBXFileReference; explicitFileType = "wrapper.app-extension"; includeInIndex = 0; path = MeteorWidgetExtension.appex; sourceTree = BUILT_PRODUCTS_DIR; };
		F7972D422A85EA6600050263 /* MeteorWidgetBundle.swift */ = {isa = PBXFileReference; lastKnownFileType = sourcecode.swift; path = MeteorWidgetBundle.swift; sourceTree = "<group>"; };
		F7972D442A85EA6600050263 /* MeteorActivityConfiguration.swift */ = {isa = PBXFileReference; lastKnownFileType = sourcecode.swift; path = MeteorActivityConfiguration.swift; sourceTree = "<group>"; };
		F7972D462A85EA6600050263 /* MeteorWidget.swift */ = {isa = PBXFileReference; lastKnownFileType = sourcecode.swift; path = MeteorWidget.swift; sourceTree = "<group>"; };
		F7972D482A85EA6700050263 /* Assets.xcassets */ = {isa = PBXFileReference; lastKnownFileType = folder.assetcatalog; path = Assets.xcassets; sourceTree = "<group>"; };
		F7972D4A2A85EA6700050263 /* Info.plist */ = {isa = PBXFileReference; lastKnownFileType = text.plist.xml; path = Info.plist; sourceTree = "<group>"; };
		F79CED502BBD0FDC00683914 /* ActivityKit.framework */ = {isa = PBXFileReference; lastKnownFileType = wrapper.framework; name = ActivityKit.framework; path = System/Library/Frameworks/ActivityKit.framework; sourceTree = SDKROOT; };
		F7D622242AA4AC610051740B /* ci_post_clone.sh */ = {isa = PBXFileReference; lastKnownFileType = text.script.sh; path = ci_post_clone.sh; sourceTree = "<group>"; };
		F7E7C80B2AA9B91B004D6E90 /* MeteorInputViewController.swift */ = {isa = PBXFileReference; lastKnownFileType = sourcecode.swift; path = MeteorInputViewController.swift; sourceTree = "<group>"; };
		F7EF99792A9E385100EB07BC /* UserDefaultsKeys.swift */ = {isa = PBXFileReference; lastKnownFileType = sourcecode.swift; path = UserDefaultsKeys.swift; sourceTree = "<group>"; };
		F7F79FC92A8F175700FA5464 /* Base */ = {isa = PBXFileReference; lastKnownFileType = file.storyboard; name = Base; path = Base.lproj/Main.storyboard; sourceTree = "<group>"; };
		F7F79FCF2A90A1EC00FA5464 /* String+.swift */ = {isa = PBXFileReference; lastKnownFileType = sourcecode.swift; path = "String+.swift"; sourceTree = "<group>"; };
/* End PBXFileReference section */

/* Begin PBXFrameworksBuildPhase section */
		A0998A4825FC99E7001BAEFD /* Frameworks */ = {
			isa = PBXFrameworksBuildPhase;
			buildActionMask = 2147483647;
			files = (
				F7DDA5452A81F0A800265ABD /* Toast in Frameworks */,
				F7D6D4792A971111004C9D25 /* Alamofire in Frameworks */,
				FB16310EE170AA09127D8DF3 /* Pods_Meteor.framework in Frameworks */,
				F77683A12A95A45800824E4E /* SnapKit in Frameworks */,
				F72964AB2BB432300068CF04 /* Puller in Frameworks */,
				F77683A62A95C92F00824E4E /* Lottie in Frameworks */,
				4E532A38813FA35687365BAB /* Pods_Meteor.framework in Frameworks */,
			);
			runOnlyForDeploymentPostprocessing = 0;
		};
		F7972D3B2A85EA6600050263 /* Frameworks */ = {
			isa = PBXFrameworksBuildPhase;
			buildActionMask = 2147483647;
			files = (
				F79CED572BBD134600683914 /* ActivityKit.framework in Frameworks */,
				F7972D402A85EA6600050263 /* SwiftUI.framework in Frameworks */,
			);
			runOnlyForDeploymentPostprocessing = 0;
		};
/* End PBXFrameworksBuildPhase section */

/* Begin PBXGroup section */
		2E19E502B0E8C49E10E0635A /* Frameworks */ = {
			isa = PBXGroup;
			children = (
				F79CED502BBD0FDC00683914 /* ActivityKit.framework */,
				F77683662A9595DC00824E4E /* FirebaseAnalytics.xcframework */,
				F77683672A9595DC00824E4E /* FirebaseCore.framework */,
				F77683682A9595DC00824E4E /* FirebaseCoreExtension.framework */,
				F77683692A9595DC00824E4E /* FirebaseCoreInternal.framework */,
				F776836A2A9595DC00824E4E /* FirebaseCrashlytics.framework */,
				F776836B2A9595DC00824E4E /* FirebaseDatabase.framework */,
				F776836C2A9595DC00824E4E /* FirebaseInstallations.framework */,
				F776836D2A9595DC00824E4E /* FirebaseSessions.framework */,
				F776836E2A9595DC00824E4E /* GoogleAppMeasurement.xcframework */,
				F776836F2A9595DC00824E4E /* GoogleAppMeasurementIdentitySupport.xcframework */,
				F77683702A9595DC00824E4E /* GoogleDataTransport.framework */,
				F77683712A9595DC00824E4E /* GoogleUtilities.framework */,
				F77683722A9595DC00824E4E /* leveldb.framework */,
				F77683732A9595DC00824E4E /* nanopb.framework */,
				F77683742A9595DC00824E4E /* Pods_Meteor.framework */,
				F77683752A9595DC00824E4E /* FBLPromises.framework */,
				F77683762A9595DC00824E4E /* Promises.framework */,
				A018483426A551C700DC3A59 /* WidgetKit.framework */,
				A018483626A551C700DC3A59 /* SwiftUI.framework */,
				0EA6E343EA2D21241749A7A3 /* Pods_Meteor.framework */,
			);
			name = Frameworks;
			sourceTree = "<group>";
		};
		A04E305827A28E7E008C9993 /* Model */ = {
			isa = PBXGroup;
			children = (
				F72964B22BB475F40068CF04 /* History.swift */,
			);
			path = Model;
			sourceTree = "<group>";
		};
		A04E305A27A28EC6008C9993 /* View */ = {
			isa = PBXGroup;
			children = (
				A04AE61726453C1F008BB99C /* TabBar.swift */,
				F77E75272A7B9AFF008F1883 /* Meteor */,
				F77E75282A7B9B12008F1883 /* Settings */,
			);
			path = View;
			sourceTree = "<group>";
		};
		A0998A4225FC99E7001BAEFD = {
			isa = PBXGroup;
			children = (
				F7D622222AA4AC2B0051740B /* ci_scripts */,
				A018484626A5532F00DC3A59 /* MeteorWidgetExtension.entitlements */,
				A0998A4D25FC99E7001BAEFD /* Meteor */,
				F7972D412A85EA6600050263 /* MeteorWidget */,
				A0998A4C25FC99E7001BAEFD /* Products */,
				2E19E502B0E8C49E10E0635A /* Frameworks */,
				FCD726DE8B6F35402C3E2E6B /* Pods */,
			);
			sourceTree = "<group>";
		};
		A0998A4C25FC99E7001BAEFD /* Products */ = {
			isa = PBXGroup;
			children = (
				A0998A4B25FC99E7001BAEFD /* Meteor.app */,
				F7972D3E2A85EA6600050263 /* MeteorWidgetExtension.appex */,
			);
			name = Products;
			sourceTree = "<group>";
		};
		A0998A4D25FC99E7001BAEFD /* Meteor */ = {
			isa = PBXGroup;
			children = (
				A018484526A551F300DC3A59 /* Meteor.entitlements */,
				F77A9BF82BB593A600CD015B /* PrivacyInfo.xcprivacy */,
				F734A77A2BCE8DE400C9ABFD /* GoogleService-Info.plist */,
				F734A77C2BCEE3BA00C9ABFD /* AuthKey.p8 */,
				F734A77D2BCEE3BA00C9ABFD /* IDList.plist */,
				F7E861332A7B7ED100E5F194 /* Foundation */,
				F7E861342A7B7EFA00E5F194 /* Common */,
				F797ABEB2BAD429B0012ACFE /* Extension */,
				A04E305827A28E7E008C9993 /* Model */,
				A04E305A27A28EC6008C9993 /* View */,
			);
			path = Meteor;
			sourceTree = "<group>";
		};
		F73882DB2BCE4E6300B1A15A /* JWTParse */ = {
			isa = PBXGroup;
			children = (
				F73882D32BCE4D6300B1A15A /* JSONWebToken.swift */,
				F73882D72BCE4E2000B1A15A /* EllipticCurveKey.swift */,
				F73882D92BCE4E4000B1A15A /* FileParser.swift */,
				F73882E22BCE595400B1A15A /* P8Payload.swift */,
			);
			path = JWTParse;
			sourceTree = "<group>";
		};
		F77E75272A7B9AFF008F1883 /* Meteor */ = {
			isa = PBXGroup;
			children = (
				A0998A5225FC99E7001BAEFD /* MeteorViewController.swift */,
				F7E7C80B2AA9B91B004D6E90 /* MeteorInputViewController.swift */,
				F72964B02BB4732F0068CF04 /* MeteorHistoryView.swift */,
				F776839D2A95A41800824E4E /* MeteorReviewViewController.swift */,
				F77E753F2A7E2AE6008F1883 /* MeteorViewModel.swift */,
				F77E75472A80CD2B008F1883 /* Cell */,
			);
			path = Meteor;
			sourceTree = "<group>";
		};
		F77E75282A7B9B12008F1883 /* Settings */ = {
			isa = PBXGroup;
			children = (
				A0A4C11E25FDDEA00090A214 /* SettingsViewController.swift */,
				A0AAAFA426270CC600D6E5EB /* VersionViewController.swift */,
				F77E75482A80CE87008F1883 /* SettingsViewModel.swift */,
				F734A78A2BD0663800C9ABFD /* AlwaysOnLiveView.swift */,
			);
			path = Settings;
			sourceTree = "<group>";
		};
		F77E75312A7CABB1008F1883 /* Resource */ = {
			isa = PBXGroup;
			children = (
				A0998A5725FC99E9001BAEFD /* Assets.xcassets */,
				F77E752F2A7CABAA008F1883 /* meteor_splash.png */,
				F77683AB2A95CB7D00824E4E /* lottie_face.json */,
			);
			path = Resource;
			sourceTree = "<group>";
		};
		F77E75472A80CD2B008F1883 /* Cell */ = {
			isa = PBXGroup;
			children = (
				F77E754A2A811827008F1883 /* NoticeCell.swift */,
			);
			path = Cell;
			sourceTree = "<group>";
		};
		F7972D412A85EA6600050263 /* MeteorWidget */ = {
			isa = PBXGroup;
			children = (
				F7972D422A85EA6600050263 /* MeteorWidgetBundle.swift */,
				F7972D462A85EA6600050263 /* MeteorWidget.swift */,
				F7972D442A85EA6600050263 /* MeteorActivityConfiguration.swift */,
				F7972D482A85EA6700050263 /* Assets.xcassets */,
				F7972D4A2A85EA6700050263 /* Info.plist */,
			);
			path = MeteorWidget;
			sourceTree = "<group>";
		};
		F797ABEB2BAD429B0012ACFE /* Extension */ = {
			isa = PBXGroup;
			children = (
				F73882CF2BCC992600B1A15A /* Data+.swift */,
				F734A7842BD00D5800C9ABFD /* Date+.swift */,
				F7F79FCF2A90A1EC00FA5464 /* String+.swift */,
				F71AF7392AADB44F00DBECBE /* TextView+.swift */,
				F77188C02A9300E400939BCD /* UIDevice+.swift */,
			);
			path = Extension;
			sourceTree = "<group>";
		};
		F7D622222AA4AC2B0051740B /* ci_scripts */ = {
			isa = PBXGroup;
			children = (
				F7D622242AA4AC610051740B /* ci_post_clone.sh */,
			);
			path = ci_scripts;
			sourceTree = "<group>";
		};
		F7E861332A7B7ED100E5F194 /* Foundation */ = {
			isa = PBXGroup;
			children = (
				A0998A4E25FC99E7001BAEFD /* AppDelegate.swift */,
				A0998A5025FC99E7001BAEFD /* SceneDelegate.swift */,
				A0998A5C25FC99E9001BAEFD /* Info.plist */,
				F77E75312A7CABB1008F1883 /* Resource */,
				A0998A5925FC99E9001BAEFD /* LaunchScreen.storyboard */,
				F7F79FCA2A8F175700FA5464 /* Main.storyboard */,
				F758AC5B2BAD53DB00CC19A9 /* Localizable.xcstrings */,
			);
			path = Foundation;
			sourceTree = "<group>";
		};
		F7E861342A7B7EFA00E5F194 /* Common */ = {
			isa = PBXGroup;
			children = (
				F77E75412A7E3338008F1883 /* Base.swift */,
				F77E75432A80C180008F1883 /* Vibration.swift */,
				F78A549D2AB43E5700507678 /* ToastManager.swift */,
				F7EF99792A9E385100EB07BC /* UserDefaultsKeys.swift */,
				F73882D12BCE45D200B1A15A /* APNSManager.swift */,
				F73882DB2BCE4E6300B1A15A /* JWTParse */,
			);
			path = Common;
			sourceTree = "<group>";
		};
		FCD726DE8B6F35402C3E2E6B /* Pods */ = {
			isa = PBXGroup;
			children = (
				9E2BBE5DB9E5687631CF8353 /* Pods-Meteor.debug.xcconfig */,
				61E919CE84E105AC3B477782 /* Pods-Meteor.release.xcconfig */,
			);
			path = Pods;
			sourceTree = "<group>";
		};
/* End PBXGroup section */

/* Begin PBXNativeTarget section */
		A0998A4A25FC99E7001BAEFD /* Meteor */ = {
			isa = PBXNativeTarget;
			buildConfigurationList = A0998A5F25FC99E9001BAEFD /* Build configuration list for PBXNativeTarget "Meteor" */;
			buildPhases = (
				3E839BC20B924309B8698D48 /* [CP] Check Pods Manifest.lock */,
				A0998A4725FC99E7001BAEFD /* Sources */,
				A0998A4825FC99E7001BAEFD /* Frameworks */,
				A0998A4925FC99E7001BAEFD /* Resources */,
				A018484126A551C800DC3A59 /* Embed Foundation Extensions */,
				C978CD574E7BE7D3541029D5 /* [CP] Embed Pods Frameworks */,
				F77E753E2A7CCD59008F1883 /* ShellScript */,
			);
			buildRules = (
			);
			dependencies = (
				F7972D4C2A85EA6700050263 /* PBXTargetDependency */,
			);
			name = Meteor;
			packageProductDependencies = (
				F7DDA5442A81F0A800265ABD /* Toast */,
				F77683A02A95A45800824E4E /* SnapKit */,
				F77683A52A95C92F00824E4E /* Lottie */,
				F7D6D4782A971111004C9D25 /* Alamofire */,
				F72964AA2BB432300068CF04 /* Puller */,
			);
			productName = Meteor;
			productReference = A0998A4B25FC99E7001BAEFD /* Meteor.app */;
			productType = "com.apple.product-type.application";
		};
		F7972D3D2A85EA6600050263 /* MeteorWidgetExtension */ = {
			isa = PBXNativeTarget;
			buildConfigurationList = F7972D4E2A85EA6700050263 /* Build configuration list for PBXNativeTarget "MeteorWidgetExtension" */;
			buildPhases = (
				F7972D3A2A85EA6600050263 /* Sources */,
				F7972D3B2A85EA6600050263 /* Frameworks */,
				F7972D3C2A85EA6600050263 /* Resources */,
			);
			buildRules = (
			);
			dependencies = (
			);
			name = MeteorWidgetExtension;
			productName = MeteorWidgetExtension;
			productReference = F7972D3E2A85EA6600050263 /* MeteorWidgetExtension.appex */;
			productType = "com.apple.product-type.app-extension";
		};
/* End PBXNativeTarget section */

/* Begin PBXProject section */
		A0998A4325FC99E7001BAEFD /* Project object */ = {
			isa = PBXProject;
			attributes = {
				BuildIndependentTargetsInParallel = YES;
				LastSwiftUpdateCheck = 1430;
				LastUpgradeCheck = 1530;
				TargetAttributes = {
					A0998A4A25FC99E7001BAEFD = {
						CreatedOnToolsVersion = 12.4;
					};
					F7972D3D2A85EA6600050263 = {
						CreatedOnToolsVersion = 14.3.1;
					};
				};
			};
			buildConfigurationList = A0998A4625FC99E7001BAEFD /* Build configuration list for PBXProject "Meteor" */;
			compatibilityVersion = "Xcode 14.0";
			developmentRegion = en;
			hasScannedForEncodings = 0;
			knownRegions = (
				en,
				Base,
				ko,
			);
			mainGroup = A0998A4225FC99E7001BAEFD;
			packageReferences = (
				F7DDA5432A81F0A800265ABD /* XCRemoteSwiftPackageReference "toast-swift" */,
				F776839F2A95A45800824E4E /* XCRemoteSwiftPackageReference "SnapKit" */,
				F77683A42A95C92F00824E4E /* XCRemoteSwiftPackageReference "lottie-spm" */,
				F7D6D4772A971111004C9D25 /* XCRemoteSwiftPackageReference "Alamofire" */,
				F72964A92BB432300068CF04 /* XCRemoteSwiftPackageReference "Apple-Inspired-Puller" */,
			);
			productRefGroup = A0998A4C25FC99E7001BAEFD /* Products */;
			projectDirPath = "";
			projectRoot = "";
			targets = (
				A0998A4A25FC99E7001BAEFD /* Meteor */,
				F7972D3D2A85EA6600050263 /* MeteorWidgetExtension */,
			);
		};
/* End PBXProject section */

/* Begin PBXResourcesBuildPhase section */
		A0998A4925FC99E7001BAEFD /* Resources */ = {
			isa = PBXResourcesBuildPhase;
			buildActionMask = 2147483647;
			files = (
				F7F79FC82A8F175700FA5464 /* Main.storyboard in Resources */,
				A0998A5B25FC99E9001BAEFD /* LaunchScreen.storyboard in Resources */,
				A0998A5825FC99E9001BAEFD /* Assets.xcassets in Resources */,
				F734A77F2BCEE3BA00C9ABFD /* IDList.plist in Resources */,
				F77683AC2A95CB7D00824E4E /* lottie_face.json in Resources */,
				F77E75302A7CABAA008F1883 /* meteor_splash.png in Resources */,
				F758AC5C2BAD53DB00CC19A9 /* Localizable.xcstrings in Resources */,
				F734A77B2BCE8DE400C9ABFD /* GoogleService-Info.plist in Resources */,
				F77A9BF92BB593A600CD015B /* PrivacyInfo.xcprivacy in Resources */,
				F734A77E2BCEE3BA00C9ABFD /* AuthKey.p8 in Resources */,
			);
			runOnlyForDeploymentPostprocessing = 0;
		};
		F7972D3C2A85EA6600050263 /* Resources */ = {
			isa = PBXResourcesBuildPhase;
			buildActionMask = 2147483647;
			files = (
				F77A9BFB2BB5950D00CD015B /* PrivacyInfo.xcprivacy in Resources */,
				F7972D492A85EA6700050263 /* Assets.xcassets in Resources */,
			);
			runOnlyForDeploymentPostprocessing = 0;
		};
/* End PBXResourcesBuildPhase section */

/* Begin PBXShellScriptBuildPhase section */
		3E839BC20B924309B8698D48 /* [CP] Check Pods Manifest.lock */ = {
			isa = PBXShellScriptBuildPhase;
			buildActionMask = 2147483647;
			files = (
			);
			inputFileListPaths = (
			);
			inputPaths = (
				"${PODS_PODFILE_DIR_PATH}/Podfile.lock",
				"${PODS_ROOT}/Manifest.lock",
			);
			name = "[CP] Check Pods Manifest.lock";
			outputFileListPaths = (
			);
			outputPaths = (
				"$(DERIVED_FILE_DIR)/Pods-Meteor-checkManifestLockResult.txt",
			);
			runOnlyForDeploymentPostprocessing = 0;
			shellPath = /bin/sh;
			shellScript = "diff \"${PODS_PODFILE_DIR_PATH}/Podfile.lock\" \"${PODS_ROOT}/Manifest.lock\" > /dev/null\nif [ $? != 0 ] ; then\n    # print error to STDERR\n    echo \"error: The sandbox is not in sync with the Podfile.lock. Run 'pod install' or update your CocoaPods installation.\" >&2\n    exit 1\nfi\n# This output is used by Xcode 'outputs' to avoid re-running this script phase.\necho \"SUCCESS\" > \"${SCRIPT_OUTPUT_FILE_0}\"\n";
			showEnvVarsInLog = 0;
		};
		C978CD574E7BE7D3541029D5 /* [CP] Embed Pods Frameworks */ = {
			isa = PBXShellScriptBuildPhase;
			buildActionMask = 2147483647;
			files = (
			);
			inputFileListPaths = (
				"${PODS_ROOT}/Target Support Files/Pods-Meteor/Pods-Meteor-frameworks-${CONFIGURATION}-input-files.xcfilelist",
			);
			name = "[CP] Embed Pods Frameworks";
			outputFileListPaths = (
				"${PODS_ROOT}/Target Support Files/Pods-Meteor/Pods-Meteor-frameworks-${CONFIGURATION}-output-files.xcfilelist",
			);
			runOnlyForDeploymentPostprocessing = 0;
			shellPath = /bin/sh;
			shellScript = "\"${PODS_ROOT}/Target Support Files/Pods-Meteor/Pods-Meteor-frameworks.sh\"\n";
			showEnvVarsInLog = 0;
		};
		F77E753E2A7CCD59008F1883 /* ShellScript */ = {
			isa = PBXShellScriptBuildPhase;
			buildActionMask = 2147483647;
			files = (
			);
			inputFileListPaths = (
			);
			inputPaths = (
				"${DWARF_DSYM_FOLDER_PATH}/${DWARF_DSYM_FILE_NAME}",
				"${DWARF_DSYM_FOLDER_PATH}/${DWARF_DSYM_FILE_NAME}/Contents/Resources/DWARF/${PRODUCT_NAME}",
				"${DWARF_DSYM_FOLDER_PATH}/${DWARF_DSYM_FILE_NAME}/Contents/Info.plist",
				"$(TARGET_BUILD_DIR)/$(UNLOCALIZED_RESOURCES_FOLDER_PATH)/GoogleService-Info.plist",
				"$(TARGET_BUILD_DIR)/$(EXECUTABLE_PATH)",
			);
			outputFileListPaths = (
			);
			outputPaths = (
			);
			runOnlyForDeploymentPostprocessing = 0;
			shellPath = /bin/sh;
			shellScript = "# Type a script or drag a script file from your workspace to insert its path.\n#pod으로 옮겨서 여기 필요없어짐-->> \"${BUILD_DIR%/Build/*}/SourcePackages/checkouts/firebase-ios-sdk/Crashlytics/run\"\n\n";
		};
/* End PBXShellScriptBuildPhase section */

/* Begin PBXSourcesBuildPhase section */
		A0998A4725FC99E7001BAEFD /* Sources */ = {
			isa = PBXSourcesBuildPhase;
			buildActionMask = 2147483647;
			files = (
				F77E75422A7E3338008F1883 /* Base.swift in Sources */,
				F734A78B2BD0663800C9ABFD /* AlwaysOnLiveView.swift in Sources */,
				F77E75402A7E2AE6008F1883 /* MeteorViewModel.swift in Sources */,
				F77E754B2A811827008F1883 /* NoticeCell.swift in Sources */,
				F7EF997A2A9E385100EB07BC /* UserDefaultsKeys.swift in Sources */,
				F776839E2A95A41800824E4E /* MeteorReviewViewController.swift in Sources */,
				F7E7C80C2AA9B91B004D6E90 /* MeteorInputViewController.swift in Sources */,
				F71AF73A2AADB44F00DBECBE /* TextView+.swift in Sources */,
				F734A7852BD00D5800C9ABFD /* Date+.swift in Sources */,
				F73882E32BCE595400B1A15A /* P8Payload.swift in Sources */,
				F73882D82BCE4E2000B1A15A /* EllipticCurveKey.swift in Sources */,
				A0998A5325FC99E7001BAEFD /* MeteorViewController.swift in Sources */,
				F77E75492A80CE87008F1883 /* SettingsViewModel.swift in Sources */,
				F73882D02BCC992600B1A15A /* Data+.swift in Sources */,
				F77E75442A80C180008F1883 /* Vibration.swift in Sources */,
				A0998A4F25FC99E7001BAEFD /* AppDelegate.swift in Sources */,
				F73882D22BCE45D200B1A15A /* APNSManager.swift in Sources */,
				F78A549E2AB43E5700507678 /* ToastManager.swift in Sources */,
				F73882D42BCE4D6300B1A15A /* JSONWebToken.swift in Sources */,
				F73882DA2BCE4E4000B1A15A /* FileParser.swift in Sources */,
				F77188C12A9300E400939BCD /* UIDevice+.swift in Sources */,
				F72964B12BB4732F0068CF04 /* MeteorHistoryView.swift in Sources */,
				A0998A5125FC99E7001BAEFD /* SceneDelegate.swift in Sources */,
				F72964B32BB475F40068CF04 /* History.swift in Sources */,
				F7972D512A85F46200050263 /* MeteorActivityConfiguration.swift in Sources */,
				A0AAAFA526270CC600D6E5EB /* VersionViewController.swift in Sources */,
				A04AE61826453C1F008BB99C /* TabBar.swift in Sources */,
				A0A4C11F25FDDEA00090A214 /* SettingsViewController.swift in Sources */,
				F7F79FD02A90A1EC00FA5464 /* String+.swift in Sources */,
			);
			runOnlyForDeploymentPostprocessing = 0;
		};
		F7972D3A2A85EA6600050263 /* Sources */ = {
			isa = PBXSourcesBuildPhase;
			buildActionMask = 2147483647;
			files = (
				F7972D472A85EA6600050263 /* MeteorWidget.swift in Sources */,
				F7972D452A85EA6600050263 /* MeteorActivityConfiguration.swift in Sources */,
				F7972D432A85EA6600050263 /* MeteorWidgetBundle.swift in Sources */,
			);
			runOnlyForDeploymentPostprocessing = 0;
		};
/* End PBXSourcesBuildPhase section */

/* Begin PBXTargetDependency section */
		F7972D4C2A85EA6700050263 /* PBXTargetDependency */ = {
			isa = PBXTargetDependency;
			target = F7972D3D2A85EA6600050263 /* MeteorWidgetExtension */;
			targetProxy = F7972D4B2A85EA6700050263 /* PBXContainerItemProxy */;
		};
/* End PBXTargetDependency section */

/* Begin PBXVariantGroup section */
		A0998A5925FC99E9001BAEFD /* LaunchScreen.storyboard */ = {
			isa = PBXVariantGroup;
			children = (
				A0998A5A25FC99E9001BAEFD /* Base */,
			);
			name = LaunchScreen.storyboard;
			sourceTree = "<group>";
		};
		F7F79FCA2A8F175700FA5464 /* Main.storyboard */ = {
			isa = PBXVariantGroup;
			children = (
				F7F79FC92A8F175700FA5464 /* Base */,
				F758AC5D2BAD53DB00CC19A9 /* mul */,
			);
			name = Main.storyboard;
			sourceTree = "<group>";
		};
/* End PBXVariantGroup section */

/* Begin XCBuildConfiguration section */
		A0998A5D25FC99E9001BAEFD /* Debug */ = {
			isa = XCBuildConfiguration;
			buildSettings = {
				ALWAYS_SEARCH_USER_PATHS = NO;
				CLANG_ANALYZER_LOCALIZABILITY_NONLOCALIZED = YES;
				CLANG_ANALYZER_NONNULL = YES;
				CLANG_ANALYZER_NUMBER_OBJECT_CONVERSION = YES_AGGRESSIVE;
				CLANG_CXX_LANGUAGE_STANDARD = "gnu++14";
				CLANG_CXX_LIBRARY = "libc++";
				CLANG_ENABLE_MODULES = YES;
				CLANG_ENABLE_OBJC_ARC = YES;
				CLANG_ENABLE_OBJC_WEAK = YES;
				CLANG_WARN_BLOCK_CAPTURE_AUTORELEASING = YES;
				CLANG_WARN_BOOL_CONVERSION = YES;
				CLANG_WARN_COMMA = YES;
				CLANG_WARN_CONSTANT_CONVERSION = YES;
				CLANG_WARN_DEPRECATED_OBJC_IMPLEMENTATIONS = YES;
				CLANG_WARN_DIRECT_OBJC_ISA_USAGE = YES_ERROR;
				CLANG_WARN_DOCUMENTATION_COMMENTS = YES;
				CLANG_WARN_EMPTY_BODY = YES;
				CLANG_WARN_ENUM_CONVERSION = YES;
				CLANG_WARN_INFINITE_RECURSION = YES;
				CLANG_WARN_INT_CONVERSION = YES;
				CLANG_WARN_NON_LITERAL_NULL_CONVERSION = YES;
				CLANG_WARN_OBJC_IMPLICIT_RETAIN_SELF = YES;
				CLANG_WARN_OBJC_LITERAL_CONVERSION = YES;
				CLANG_WARN_OBJC_ROOT_CLASS = YES_ERROR;
				CLANG_WARN_QUOTED_INCLUDE_IN_FRAMEWORK_HEADER = YES;
				CLANG_WARN_RANGE_LOOP_ANALYSIS = YES;
				CLANG_WARN_STRICT_PROTOTYPES = YES;
				CLANG_WARN_SUSPICIOUS_MOVE = YES;
				CLANG_WARN_UNGUARDED_AVAILABILITY = YES_AGGRESSIVE;
				CLANG_WARN_UNREACHABLE_CODE = YES;
				CLANG_WARN__DUPLICATE_METHOD_MATCH = YES;
				COPY_PHASE_STRIP = NO;
				DEBUG_INFORMATION_FORMAT = "dwarf-with-dsym";
				ENABLE_STRICT_OBJC_MSGSEND = YES;
				ENABLE_TESTABILITY = YES;
				ENABLE_USER_SCRIPT_SANDBOXING = NO;
				GCC_C_LANGUAGE_STANDARD = gnu11;
				GCC_DYNAMIC_NO_PIC = NO;
				GCC_NO_COMMON_BLOCKS = YES;
				GCC_OPTIMIZATION_LEVEL = 0;
				GCC_PREPROCESSOR_DEFINITIONS = (
					"DEBUG=1",
					"$(inherited)",
				);
				GCC_WARN_64_TO_32_BIT_CONVERSION = YES;
				GCC_WARN_ABOUT_RETURN_TYPE = YES_ERROR;
				GCC_WARN_UNDECLARED_SELECTOR = YES;
				GCC_WARN_UNINITIALIZED_AUTOS = YES_AGGRESSIVE;
				GCC_WARN_UNUSED_FUNCTION = YES;
				GCC_WARN_UNUSED_VARIABLE = YES;
				IPHONEOS_DEPLOYMENT_TARGET = 12.0;
				MTL_ENABLE_DEBUG_INFO = INCLUDE_SOURCE;
				MTL_FAST_MATH = YES;
				ONLY_ACTIVE_ARCH = YES;
				SDKROOT = iphoneos;
				SWIFT_ACTIVE_COMPILATION_CONDITIONS = DEBUG;
				SWIFT_OPTIMIZATION_LEVEL = "-Onone";
			};
			name = Debug;
		};
		A0998A5E25FC99E9001BAEFD /* Release */ = {
			isa = XCBuildConfiguration;
			buildSettings = {
				ALWAYS_SEARCH_USER_PATHS = NO;
				CLANG_ANALYZER_LOCALIZABILITY_NONLOCALIZED = YES;
				CLANG_ANALYZER_NONNULL = YES;
				CLANG_ANALYZER_NUMBER_OBJECT_CONVERSION = YES_AGGRESSIVE;
				CLANG_CXX_LANGUAGE_STANDARD = "gnu++14";
				CLANG_CXX_LIBRARY = "libc++";
				CLANG_ENABLE_MODULES = YES;
				CLANG_ENABLE_OBJC_ARC = YES;
				CLANG_ENABLE_OBJC_WEAK = YES;
				CLANG_WARN_BLOCK_CAPTURE_AUTORELEASING = YES;
				CLANG_WARN_BOOL_CONVERSION = YES;
				CLANG_WARN_COMMA = YES;
				CLANG_WARN_CONSTANT_CONVERSION = YES;
				CLANG_WARN_DEPRECATED_OBJC_IMPLEMENTATIONS = YES;
				CLANG_WARN_DIRECT_OBJC_ISA_USAGE = YES_ERROR;
				CLANG_WARN_DOCUMENTATION_COMMENTS = YES;
				CLANG_WARN_EMPTY_BODY = YES;
				CLANG_WARN_ENUM_CONVERSION = YES;
				CLANG_WARN_INFINITE_RECURSION = YES;
				CLANG_WARN_INT_CONVERSION = YES;
				CLANG_WARN_NON_LITERAL_NULL_CONVERSION = YES;
				CLANG_WARN_OBJC_IMPLICIT_RETAIN_SELF = YES;
				CLANG_WARN_OBJC_LITERAL_CONVERSION = YES;
				CLANG_WARN_OBJC_ROOT_CLASS = YES_ERROR;
				CLANG_WARN_QUOTED_INCLUDE_IN_FRAMEWORK_HEADER = YES;
				CLANG_WARN_RANGE_LOOP_ANALYSIS = YES;
				CLANG_WARN_STRICT_PROTOTYPES = YES;
				CLANG_WARN_SUSPICIOUS_MOVE = YES;
				CLANG_WARN_UNGUARDED_AVAILABILITY = YES_AGGRESSIVE;
				CLANG_WARN_UNREACHABLE_CODE = YES;
				CLANG_WARN__DUPLICATE_METHOD_MATCH = YES;
				COPY_PHASE_STRIP = NO;
				DEBUG_INFORMATION_FORMAT = "dwarf-with-dsym";
				ENABLE_NS_ASSERTIONS = NO;
				ENABLE_STRICT_OBJC_MSGSEND = YES;
				ENABLE_USER_SCRIPT_SANDBOXING = NO;
				GCC_C_LANGUAGE_STANDARD = gnu11;
				GCC_NO_COMMON_BLOCKS = YES;
				GCC_WARN_64_TO_32_BIT_CONVERSION = YES;
				GCC_WARN_ABOUT_RETURN_TYPE = YES_ERROR;
				GCC_WARN_UNDECLARED_SELECTOR = YES;
				GCC_WARN_UNINITIALIZED_AUTOS = YES_AGGRESSIVE;
				GCC_WARN_UNUSED_FUNCTION = YES;
				GCC_WARN_UNUSED_VARIABLE = YES;
				IPHONEOS_DEPLOYMENT_TARGET = 12.0;
				MTL_ENABLE_DEBUG_INFO = NO;
				MTL_FAST_MATH = YES;
				SDKROOT = iphoneos;
				SWIFT_COMPILATION_MODE = wholemodule;
				SWIFT_OPTIMIZATION_LEVEL = "-O";
				VALIDATE_PRODUCT = YES;
			};
			name = Release;
		};
		A0998A6025FC99E9001BAEFD /* Debug */ = {
			isa = XCBuildConfiguration;
			baseConfigurationReference = 9E2BBE5DB9E5687631CF8353 /* Pods-Meteor.debug.xcconfig */;
			buildSettings = {
				ALWAYS_EMBED_SWIFT_STANDARD_LIBRARIES = YES;
				ASSETCATALOG_COMPILER_APPICON_NAME = AppIcon;
				ASSETCATALOG_COMPILER_GLOBAL_ACCENT_COLOR_NAME = AccentColor;
				CODE_SIGN_ENTITLEMENTS = Meteor/Meteor.entitlements;
				CODE_SIGN_IDENTITY = "Apple Development";
				CODE_SIGN_STYLE = Automatic;
				CURRENT_PROJECT_VERSION = 1;
				DEVELOPMENT_TEAM = HM9J3DG5MT;
				INFOPLIST_FILE = Meteor/Foundation/Info.plist;
				INFOPLIST_KEY_LSApplicationCategoryType = "public.app-category.productivity";
				IPHONEOS_DEPLOYMENT_TARGET = 17.0;
				LD_RUNPATH_SEARCH_PATHS = (
					"$(inherited)",
					"@executable_path/Frameworks",
				);
				MARKETING_VERSION = 2.5.0;
				PRODUCT_BUNDLE_IDENTIFIER = com.soduma.Meteor;
				PRODUCT_NAME = "$(TARGET_NAME)";
				PROVISIONING_PROFILE_SPECIFIER = "";
				SUPPORTED_PLATFORMS = "iphoneos iphonesimulator";
				SUPPORTS_MACCATALYST = NO;
				SUPPORTS_MAC_DESIGNED_FOR_IPHONE_IPAD = YES;
				SWIFT_EMIT_LOC_STRINGS = YES;
				SWIFT_VERSION = 5.0;
				TARGETED_DEVICE_FAMILY = 1;
			};
			name = Debug;
		};
		A0998A6125FC99E9001BAEFD /* Release */ = {
			isa = XCBuildConfiguration;
			baseConfigurationReference = 61E919CE84E105AC3B477782 /* Pods-Meteor.release.xcconfig */;
			buildSettings = {
				ALWAYS_EMBED_SWIFT_STANDARD_LIBRARIES = YES;
				ASSETCATALOG_COMPILER_APPICON_NAME = AppIcon;
				ASSETCATALOG_COMPILER_GLOBAL_ACCENT_COLOR_NAME = AccentColor;
				CODE_SIGN_ENTITLEMENTS = Meteor/Meteor.entitlements;
				CODE_SIGN_IDENTITY = "Apple Development";
				CODE_SIGN_STYLE = Automatic;
				CURRENT_PROJECT_VERSION = 1;
				DEVELOPMENT_TEAM = HM9J3DG5MT;
				INFOPLIST_FILE = Meteor/Foundation/Info.plist;
				INFOPLIST_KEY_LSApplicationCategoryType = "public.app-category.productivity";
				IPHONEOS_DEPLOYMENT_TARGET = 17.0;
				LD_RUNPATH_SEARCH_PATHS = (
					"$(inherited)",
					"@executable_path/Frameworks",
				);
				MARKETING_VERSION = 2.5.0;
				PRODUCT_BUNDLE_IDENTIFIER = com.soduma.Meteor;
				PRODUCT_NAME = "$(TARGET_NAME)";
				PROVISIONING_PROFILE_SPECIFIER = "";
				SUPPORTED_PLATFORMS = "iphoneos iphonesimulator";
				SUPPORTS_MACCATALYST = NO;
				SUPPORTS_MAC_DESIGNED_FOR_IPHONE_IPAD = YES;
				SWIFT_ACTIVE_COMPILATION_CONDITIONS = RELEASE;
				SWIFT_EMIT_LOC_STRINGS = YES;
				SWIFT_VERSION = 5.0;
				TARGETED_DEVICE_FAMILY = 1;
			};
			name = Release;
		};
		F7972D4F2A85EA6700050263 /* Debug */ = {
			isa = XCBuildConfiguration;
			buildSettings = {
				ASSETCATALOG_COMPILER_GLOBAL_ACCENT_COLOR_NAME = AccentColor;
				ASSETCATALOG_COMPILER_WIDGET_BACKGROUND_COLOR_NAME = WidgetBackground;
				CLANG_CXX_LANGUAGE_STANDARD = "gnu++20";
				CODE_SIGN_ENTITLEMENTS = MeteorWidgetExtension.entitlements;
				CODE_SIGN_IDENTITY = "Apple Development";
				CODE_SIGN_STYLE = Automatic;
				CURRENT_PROJECT_VERSION = 1;
				DEBUG_INFORMATION_FORMAT = dwarf;
				DEVELOPMENT_TEAM = HM9J3DG5MT;
				GENERATE_INFOPLIST_FILE = YES;
				INFOPLIST_FILE = MeteorWidget/Info.plist;
				INFOPLIST_KEY_CFBundleDisplayName = MeteorWidget;
				INFOPLIST_KEY_NSHumanReadableCopyright = "";
				IPHONEOS_DEPLOYMENT_TARGET = 16.2;
				LD_RUNPATH_SEARCH_PATHS = (
					"$(inherited)",
					"@executable_path/Frameworks",
					"@executable_path/../../Frameworks",
				);
				MARKETING_VERSION = 1.0;
				PRODUCT_BUNDLE_IDENTIFIER = com.soduma.Meteor.MeteorWidget;
				PRODUCT_NAME = "$(TARGET_NAME)";
				SKIP_INSTALL = YES;
				SUPPORTED_PLATFORMS = "iphoneos iphonesimulator";
				SUPPORTS_MACCATALYST = NO;
				SWIFT_EMIT_LOC_STRINGS = YES;
				SWIFT_VERSION = 5.0;
				TARGETED_DEVICE_FAMILY = 1;
			};
			name = Debug;
		};
		F7972D502A85EA6700050263 /* Release */ = {
			isa = XCBuildConfiguration;
			buildSettings = {
				ASSETCATALOG_COMPILER_GLOBAL_ACCENT_COLOR_NAME = AccentColor;
				ASSETCATALOG_COMPILER_WIDGET_BACKGROUND_COLOR_NAME = WidgetBackground;
				CLANG_CXX_LANGUAGE_STANDARD = "gnu++20";
				CODE_SIGN_ENTITLEMENTS = MeteorWidgetExtension.entitlements;
				CODE_SIGN_IDENTITY = "Apple Development";
				CODE_SIGN_STYLE = Automatic;
				CURRENT_PROJECT_VERSION = 1;
				DEVELOPMENT_TEAM = HM9J3DG5MT;
				GENERATE_INFOPLIST_FILE = YES;
				INFOPLIST_FILE = MeteorWidget/Info.plist;
				INFOPLIST_KEY_CFBundleDisplayName = MeteorWidget;
				INFOPLIST_KEY_NSHumanReadableCopyright = "";
				IPHONEOS_DEPLOYMENT_TARGET = 16.2;
				LD_RUNPATH_SEARCH_PATHS = (
					"$(inherited)",
					"@executable_path/Frameworks",
					"@executable_path/../../Frameworks",
				);
				MARKETING_VERSION = 1.0;
				PRODUCT_BUNDLE_IDENTIFIER = com.soduma.Meteor.MeteorWidget;
				PRODUCT_NAME = "$(TARGET_NAME)";
				SKIP_INSTALL = YES;
				SUPPORTED_PLATFORMS = "iphoneos iphonesimulator";
				SUPPORTS_MACCATALYST = NO;
				SWIFT_EMIT_LOC_STRINGS = YES;
				SWIFT_VERSION = 5.0;
				TARGETED_DEVICE_FAMILY = 1;
			};
			name = Release;
		};
/* End XCBuildConfiguration section */

/* Begin XCConfigurationList section */
		A0998A4625FC99E7001BAEFD /* Build configuration list for PBXProject "Meteor" */ = {
			isa = XCConfigurationList;
			buildConfigurations = (
				A0998A5D25FC99E9001BAEFD /* Debug */,
				A0998A5E25FC99E9001BAEFD /* Release */,
			);
			defaultConfigurationIsVisible = 0;
			defaultConfigurationName = Release;
		};
		A0998A5F25FC99E9001BAEFD /* Build configuration list for PBXNativeTarget "Meteor" */ = {
			isa = XCConfigurationList;
			buildConfigurations = (
				A0998A6025FC99E9001BAEFD /* Debug */,
				A0998A6125FC99E9001BAEFD /* Release */,
			);
			defaultConfigurationIsVisible = 0;
			defaultConfigurationName = Release;
		};
		F7972D4E2A85EA6700050263 /* Build configuration list for PBXNativeTarget "MeteorWidgetExtension" */ = {
			isa = XCConfigurationList;
			buildConfigurations = (
				F7972D4F2A85EA6700050263 /* Debug */,
				F7972D502A85EA6700050263 /* Release */,
			);
			defaultConfigurationIsVisible = 0;
			defaultConfigurationName = Release;
		};
/* End XCConfigurationList section */

/* Begin XCRemoteSwiftPackageReference section */
		F72964A92BB432300068CF04 /* XCRemoteSwiftPackageReference "Apple-Inspired-Puller" */ = {
			isa = XCRemoteSwiftPackageReference;
			repositoryURL = "https://github.com/zsergey/Apple-Inspired-Puller";
			requirement = {
				branch = develop;
				kind = branch;
			};
		};
		F776839F2A95A45800824E4E /* XCRemoteSwiftPackageReference "SnapKit" */ = {
			isa = XCRemoteSwiftPackageReference;
			repositoryURL = "https://github.com/SnapKit/SnapKit.git";
			requirement = {
				kind = upToNextMajorVersion;
				minimumVersion = 5.0.0;
			};
		};
		F77683A42A95C92F00824E4E /* XCRemoteSwiftPackageReference "lottie-spm" */ = {
			isa = XCRemoteSwiftPackageReference;
			repositoryURL = "https://github.com/airbnb/lottie-spm.git";
			requirement = {
				kind = upToNextMajorVersion;
				minimumVersion = 4.0.0;
			};
		};
		F7D6D4772A971111004C9D25 /* XCRemoteSwiftPackageReference "Alamofire" */ = {
			isa = XCRemoteSwiftPackageReference;
			repositoryURL = "https://github.com/Alamofire/Alamofire.git";
			requirement = {
				kind = upToNextMajorVersion;
				minimumVersion = 5.0.0;
			};
		};
		F7DDA5432A81F0A800265ABD /* XCRemoteSwiftPackageReference "toast-swift" */ = {
			isa = XCRemoteSwiftPackageReference;
			repositoryURL = "https://github.com/BastiaanJansen/toast-swift.git";
			requirement = {
				kind = upToNextMajorVersion;
				minimumVersion = 1.3.2;
			};
		};
/* End XCRemoteSwiftPackageReference section */

/* Begin XCSwiftPackageProductDependency section */
		F72964AA2BB432300068CF04 /* Puller */ = {
			isa = XCSwiftPackageProductDependency;
			package = F72964A92BB432300068CF04 /* XCRemoteSwiftPackageReference "Apple-Inspired-Puller" */;
			productName = Puller;
		};
		F77683A02A95A45800824E4E /* SnapKit */ = {
			isa = XCSwiftPackageProductDependency;
			package = F776839F2A95A45800824E4E /* XCRemoteSwiftPackageReference "SnapKit" */;
			productName = SnapKit;
		};
		F77683A52A95C92F00824E4E /* Lottie */ = {
			isa = XCSwiftPackageProductDependency;
			package = F77683A42A95C92F00824E4E /* XCRemoteSwiftPackageReference "lottie-spm" */;
			productName = Lottie;
		};
		F7D6D4782A971111004C9D25 /* Alamofire */ = {
			isa = XCSwiftPackageProductDependency;
			package = F7D6D4772A971111004C9D25 /* XCRemoteSwiftPackageReference "Alamofire" */;
			productName = Alamofire;
		};
		F7DDA5442A81F0A800265ABD /* Toast */ = {
			isa = XCSwiftPackageProductDependency;
			package = F7DDA5432A81F0A800265ABD /* XCRemoteSwiftPackageReference "toast-swift" */;
			productName = Toast;
		};
/* End XCSwiftPackageProductDependency section */
	};
	rootObject = A0998A4325FC99E7001BAEFD /* Project object */;
}
