// !$*UTF8*$!
{
	archiveVersion = 1;
	classes = {
	};
	objectVersion = 52;
	objects = {

/* Begin PBXBuildFile section */
		630D0C587EE58B5A79FD0BAF /* Pods_Meteor.framework in Frameworks */ = {isa = PBXBuildFile; fileRef = 42C1A6CD69E3BED7B0F3839D /* Pods_Meteor.framework */; };
		A06A51EC2634075E003DAEEF /* Localizable.strings in Resources */ = {isa = PBXBuildFile; fileRef = A06A51EE2634075E003DAEEF /* Localizable.strings */; };
		A06A51F3263409D6003DAEEF /* Localizable.strings in Resources */ = {isa = PBXBuildFile; fileRef = A06A51F5263409D6003DAEEF /* Localizable.strings */; };
		A0998A4F25FC99E7001BAEFD /* AppDelegate.swift in Sources */ = {isa = PBXBuildFile; fileRef = A0998A4E25FC99E7001BAEFD /* AppDelegate.swift */; };
		A0998A5125FC99E7001BAEFD /* SceneDelegate.swift in Sources */ = {isa = PBXBuildFile; fileRef = A0998A5025FC99E7001BAEFD /* SceneDelegate.swift */; };
		A0998A5325FC99E7001BAEFD /* MeteorViewController.swift in Sources */ = {isa = PBXBuildFile; fileRef = A0998A5225FC99E7001BAEFD /* MeteorViewController.swift */; };
		A0998A5625FC99E7001BAEFD /* Main.storyboard in Resources */ = {isa = PBXBuildFile; fileRef = A0998A5425FC99E7001BAEFD /* Main.storyboard */; };
		A0998A5825FC99E9001BAEFD /* Assets.xcassets in Resources */ = {isa = PBXBuildFile; fileRef = A0998A5725FC99E9001BAEFD /* Assets.xcassets */; };
		A0998A5B25FC99E9001BAEFD /* LaunchScreen.storyboard in Resources */ = {isa = PBXBuildFile; fileRef = A0998A5925FC99E9001BAEFD /* LaunchScreen.storyboard */; };
		A0A4C11F25FDDEA00090A214 /* SettingsViewController.swift in Sources */ = {isa = PBXBuildFile; fileRef = A0A4C11E25FDDEA00090A214 /* SettingsViewController.swift */; };
		A0A4C12825FE25890090A214 /* TodoViewController.swift in Sources */ = {isa = PBXBuildFile; fileRef = A0A4C12725FE25890090A214 /* TodoViewController.swift */; };
		A0AAAFA526270CC600D6E5EB /* VersionViewController.swift in Sources */ = {isa = PBXBuildFile; fileRef = A0AAAFA426270CC600D6E5EB /* VersionViewController.swift */; };
		A0AAB012262ABE3900D6E5EB /* meteor_logo.png in Resources */ = {isa = PBXBuildFile; fileRef = A0AAB011262ABE3900D6E5EB /* meteor_logo.png */; };
		A0AAB024262C01A000D6E5EB /* GoogleMobileAds.xcframework in Frameworks */ = {isa = PBXBuildFile; fileRef = A0AAB023262C01A000D6E5EB /* GoogleMobileAds.xcframework */; };
		A0ED408F26009DB5009990ED /* InputViewController.swift in Sources */ = {isa = PBXBuildFile; fileRef = A0ED408E26009DB5009990ED /* InputViewController.swift */; };
		A0ED409B2601FD87009990ED /* Todo.swift in Sources */ = {isa = PBXBuildFile; fileRef = A0ED409A2601FD87009990ED /* Todo.swift */; };
		A0ED409F2602244E009990ED /* Storage.swift in Sources */ = {isa = PBXBuildFile; fileRef = A0ED409E2602244E009990ED /* Storage.swift */; };
		A0F1AF0D26130BAF009084AB /* ModifyViewController.swift in Sources */ = {isa = PBXBuildFile; fileRef = A0F1AF0C26130BAF009084AB /* ModifyViewController.swift */; };
/* End PBXBuildFile section */

/* Begin PBXFileReference section */
		42C1A6CD69E3BED7B0F3839D /* Pods_Meteor.framework */ = {isa = PBXFileReference; explicitFileType = wrapper.framework; includeInIndex = 0; path = Pods_Meteor.framework; sourceTree = BUILT_PRODUCTS_DIR; };
		60AC4605E0E5705F339B6BD2 /* Pods-Meteor.release.xcconfig */ = {isa = PBXFileReference; includeInIndex = 1; lastKnownFileType = text.xcconfig; name = "Pods-Meteor.release.xcconfig"; path = "Target Support Files/Pods-Meteor/Pods-Meteor.release.xcconfig"; sourceTree = "<group>"; };
		A06A51ED2634075E003DAEEF /* en */ = {isa = PBXFileReference; lastKnownFileType = text.plist.strings; name = en; path = en.lproj/Localizable.strings; sourceTree = "<group>"; };
		A06A51F4263409D6003DAEEF /* ko */ = {isa = PBXFileReference; lastKnownFileType = text.plist.strings; name = ko; path = ko.lproj/Localizable.strings; sourceTree = "<group>"; };
		A0998A4B25FC99E7001BAEFD /* Meteor.app */ = {isa = PBXFileReference; explicitFileType = wrapper.application; includeInIndex = 0; path = Meteor.app; sourceTree = BUILT_PRODUCTS_DIR; };
		A0998A4E25FC99E7001BAEFD /* AppDelegate.swift */ = {isa = PBXFileReference; lastKnownFileType = sourcecode.swift; path = AppDelegate.swift; sourceTree = "<group>"; };
		A0998A5025FC99E7001BAEFD /* SceneDelegate.swift */ = {isa = PBXFileReference; lastKnownFileType = sourcecode.swift; path = SceneDelegate.swift; sourceTree = "<group>"; };
		A0998A5225FC99E7001BAEFD /* MeteorViewController.swift */ = {isa = PBXFileReference; lastKnownFileType = sourcecode.swift; path = MeteorViewController.swift; sourceTree = "<group>"; };
		A0998A5525FC99E7001BAEFD /* Base */ = {isa = PBXFileReference; lastKnownFileType = file.storyboard; name = Base; path = Base.lproj/Main.storyboard; sourceTree = "<group>"; };
		A0998A5725FC99E9001BAEFD /* Assets.xcassets */ = {isa = PBXFileReference; lastKnownFileType = folder.assetcatalog; path = Assets.xcassets; sourceTree = "<group>"; };
		A0998A5A25FC99E9001BAEFD /* Base */ = {isa = PBXFileReference; lastKnownFileType = file.storyboard; name = Base; path = Base.lproj/LaunchScreen.storyboard; sourceTree = "<group>"; };
		A0998A5C25FC99E9001BAEFD /* Info.plist */ = {isa = PBXFileReference; lastKnownFileType = text.plist.xml; path = Info.plist; sourceTree = "<group>"; };
		A0A4C11E25FDDEA00090A214 /* SettingsViewController.swift */ = {isa = PBXFileReference; lastKnownFileType = sourcecode.swift; path = SettingsViewController.swift; sourceTree = "<group>"; };
		A0A4C12725FE25890090A214 /* TodoViewController.swift */ = {isa = PBXFileReference; lastKnownFileType = sourcecode.swift; path = TodoViewController.swift; sourceTree = "<group>"; };
		A0AAAFA426270CC600D6E5EB /* VersionViewController.swift */ = {isa = PBXFileReference; lastKnownFileType = sourcecode.swift; path = VersionViewController.swift; sourceTree = "<group>"; };
		A0AAB011262ABE3900D6E5EB /* meteor_logo.png */ = {isa = PBXFileReference; lastKnownFileType = image.png; path = meteor_logo.png; sourceTree = "<group>"; };
		A0AAB021262C01A000D6E5EB /* GoogleAppMeasurement.xcframework */ = {isa = PBXFileReference; lastKnownFileType = wrapper.xcframework; name = GoogleAppMeasurement.xcframework; path = Pods/GoogleAppMeasurement/Frameworks/GoogleAppMeasurement.xcframework; sourceTree = "<group>"; };
		A0AAB023262C01A000D6E5EB /* GoogleMobileAds.xcframework */ = {isa = PBXFileReference; lastKnownFileType = wrapper.xcframework; name = GoogleMobileAds.xcframework; path = "Pods/Google-Mobile-Ads-SDK/Frameworks/GoogleMobileAdsFramework-Current/GoogleMobileAds.xcframework"; sourceTree = "<group>"; };
		A0ED408E26009DB5009990ED /* InputViewController.swift */ = {isa = PBXFileReference; lastKnownFileType = sourcecode.swift; path = InputViewController.swift; sourceTree = "<group>"; };
		A0ED409A2601FD87009990ED /* Todo.swift */ = {isa = PBXFileReference; lastKnownFileType = sourcecode.swift; path = Todo.swift; sourceTree = "<group>"; };
		A0ED409E2602244E009990ED /* Storage.swift */ = {isa = PBXFileReference; lastKnownFileType = sourcecode.swift; path = Storage.swift; sourceTree = "<group>"; };
		A0F1AF0C26130BAF009084AB /* ModifyViewController.swift */ = {isa = PBXFileReference; lastKnownFileType = sourcecode.swift; path = ModifyViewController.swift; sourceTree = "<group>"; };
		A0FDFB0A2636A730007ED3C2 /* ko */ = {isa = PBXFileReference; lastKnownFileType = text.plist.strings; name = ko; path = ko.lproj/Main.strings; sourceTree = "<group>"; };
		F565FE62F83FABCC90C4C6E6 /* Pods-Meteor.debug.xcconfig */ = {isa = PBXFileReference; includeInIndex = 1; lastKnownFileType = text.xcconfig; name = "Pods-Meteor.debug.xcconfig"; path = "Target Support Files/Pods-Meteor/Pods-Meteor.debug.xcconfig"; sourceTree = "<group>"; };
/* End PBXFileReference section */

/* Begin PBXFrameworksBuildPhase section */
		A0998A4825FC99E7001BAEFD /* Frameworks */ = {
			isa = PBXFrameworksBuildPhase;
			buildActionMask = 2147483647;
			files = (
				A0AAB024262C01A000D6E5EB /* GoogleMobileAds.xcframework in Frameworks */,
				630D0C587EE58B5A79FD0BAF /* Pods_Meteor.framework in Frameworks */,
			);
			runOnlyForDeploymentPostprocessing = 0;
		};
/* End PBXFrameworksBuildPhase section */

/* Begin PBXGroup section */
		2E19E502B0E8C49E10E0635A /* Frameworks */ = {
			isa = PBXGroup;
			children = (
				A0AAB021262C01A000D6E5EB /* GoogleAppMeasurement.xcframework */,
				A0AAB023262C01A000D6E5EB /* GoogleMobileAds.xcframework */,
				42C1A6CD69E3BED7B0F3839D /* Pods_Meteor.framework */,
			);
			name = Frameworks;
			sourceTree = "<group>";
		};
		A02776A7C7AE5590E09E09E6 /* Pods */ = {
			isa = PBXGroup;
			children = (
				F565FE62F83FABCC90C4C6E6 /* Pods-Meteor.debug.xcconfig */,
				60AC4605E0E5705F339B6BD2 /* Pods-Meteor.release.xcconfig */,
			);
			path = Pods;
			sourceTree = "<group>";
		};
		A0998A4225FC99E7001BAEFD = {
			isa = PBXGroup;
			children = (
				A0998A4D25FC99E7001BAEFD /* Meteor */,
				A0998A4C25FC99E7001BAEFD /* Products */,
				A02776A7C7AE5590E09E09E6 /* Pods */,
				2E19E502B0E8C49E10E0635A /* Frameworks */,
			);
			sourceTree = "<group>";
		};
		A0998A4C25FC99E7001BAEFD /* Products */ = {
			isa = PBXGroup;
			children = (
				A0998A4B25FC99E7001BAEFD /* Meteor.app */,
			);
			name = Products;
			sourceTree = "<group>";
		};
		A0998A4D25FC99E7001BAEFD /* Meteor */ = {
			isa = PBXGroup;
			children = (
				A0998A4E25FC99E7001BAEFD /* AppDelegate.swift */,
				A0998A5025FC99E7001BAEFD /* SceneDelegate.swift */,
				A0998A5425FC99E7001BAEFD /* Main.storyboard */,
				A06A51F5263409D6003DAEEF /* Localizable.strings */,
				A06A51EE2634075E003DAEEF /* Localizable.strings */,
				A0ED40A326022473009990ED /* ViewControllers */,
				A0998A5725FC99E9001BAEFD /* Assets.xcassets */,
				A0998A5C25FC99E9001BAEFD /* Info.plist */,
				A0998A5925FC99E9001BAEFD /* LaunchScreen.storyboard */,
				A0AAB011262ABE3900D6E5EB /* meteor_logo.png */,
			);
			path = Meteor;
			sourceTree = "<group>";
		};
		A0ED40A12602245F009990ED /* Todo */ = {
			isa = PBXGroup;
			children = (
				A0A4C12725FE25890090A214 /* TodoViewController.swift */,
				A0ED409A2601FD87009990ED /* Todo.swift */,
				A0ED409E2602244E009990ED /* Storage.swift */,
				A0ED408E26009DB5009990ED /* InputViewController.swift */,
				A0F1AF0C26130BAF009084AB /* ModifyViewController.swift */,
			);
			path = Todo;
			sourceTree = "<group>";
		};
		A0ED40A326022473009990ED /* ViewControllers */ = {
			isa = PBXGroup;
			children = (
				A0998A5225FC99E7001BAEFD /* MeteorViewController.swift */,
				A0ED40A12602245F009990ED /* Todo */,
				A0A4C11E25FDDEA00090A214 /* SettingsViewController.swift */,
				A0AAAFA426270CC600D6E5EB /* VersionViewController.swift */,
			);
			path = ViewControllers;
			sourceTree = "<group>";
		};
/* End PBXGroup section */

/* Begin PBXNativeTarget section */
		A0998A4A25FC99E7001BAEFD /* Meteor */ = {
			isa = PBXNativeTarget;
			buildConfigurationList = A0998A5F25FC99E9001BAEFD /* Build configuration list for PBXNativeTarget "Meteor" */;
			buildPhases = (
				2B769C7724B4EA7CC776223A /* [CP] Check Pods Manifest.lock */,
				A0998A4725FC99E7001BAEFD /* Sources */,
				A0998A4825FC99E7001BAEFD /* Frameworks */,
				A0998A4925FC99E7001BAEFD /* Resources */,
				5BD3A67F96728EED608D8805 /* [CP] Embed Pods Frameworks */,
			);
			buildRules = (
			);
			dependencies = (
			);
			name = Meteor;
			productName = Meteor;
			productReference = A0998A4B25FC99E7001BAEFD /* Meteor.app */;
			productType = "com.apple.product-type.application";
		};
/* End PBXNativeTarget section */

/* Begin PBXProject section */
		A0998A4325FC99E7001BAEFD /* Project object */ = {
			isa = PBXProject;
			attributes = {
				LastSwiftUpdateCheck = 1240;
				LastUpgradeCheck = 1240;
				TargetAttributes = {
					A0998A4A25FC99E7001BAEFD = {
						CreatedOnToolsVersion = 12.4;
					};
				};
			};
			buildConfigurationList = A0998A4625FC99E7001BAEFD /* Build configuration list for PBXProject "Meteor" */;
			compatibilityVersion = "Xcode 9.3";
			developmentRegion = en;
			hasScannedForEncodings = 0;
			knownRegions = (
				en,
				Base,
				ko,
			);
			mainGroup = A0998A4225FC99E7001BAEFD;
			productRefGroup = A0998A4C25FC99E7001BAEFD /* Products */;
			projectDirPath = "";
			projectRoot = "";
			targets = (
				A0998A4A25FC99E7001BAEFD /* Meteor */,
			);
		};
/* End PBXProject section */

/* Begin PBXResourcesBuildPhase section */
		A0998A4925FC99E7001BAEFD /* Resources */ = {
			isa = PBXResourcesBuildPhase;
			buildActionMask = 2147483647;
			files = (
				A06A51EC2634075E003DAEEF /* Localizable.strings in Resources */,
				A06A51F3263409D6003DAEEF /* Localizable.strings in Resources */,
				A0998A5B25FC99E9001BAEFD /* LaunchScreen.storyboard in Resources */,
				A0998A5825FC99E9001BAEFD /* Assets.xcassets in Resources */,
				A0AAB012262ABE3900D6E5EB /* meteor_logo.png in Resources */,
				A0998A5625FC99E7001BAEFD /* Main.storyboard in Resources */,
			);
			runOnlyForDeploymentPostprocessing = 0;
		};
/* End PBXResourcesBuildPhase section */

/* Begin PBXShellScriptBuildPhase section */
		2B769C7724B4EA7CC776223A /* [CP] Check Pods Manifest.lock */ = {
			isa = PBXShellScriptBuildPhase;
			buildActionMask = 2147483647;
			files = (
			);
			inputFileListPaths = (
			);
			inputPaths = (
				"${PODS_PODFILE_DIR_PATH}/Podfile.lock",
				"${PODS_ROOT}/Manifest.lock",
			);
			name = "[CP] Check Pods Manifest.lock";
			outputFileListPaths = (
			);
			outputPaths = (
				"$(DERIVED_FILE_DIR)/Pods-Meteor-checkManifestLockResult.txt",
			);
			runOnlyForDeploymentPostprocessing = 0;
			shellPath = /bin/sh;
			shellScript = "diff \"${PODS_PODFILE_DIR_PATH}/Podfile.lock\" \"${PODS_ROOT}/Manifest.lock\" > /dev/null\nif [ $? != 0 ] ; then\n    # print error to STDERR\n    echo \"error: The sandbox is not in sync with the Podfile.lock. Run 'pod install' or update your CocoaPods installation.\" >&2\n    exit 1\nfi\n# This output is used by Xcode 'outputs' to avoid re-running this script phase.\necho \"SUCCESS\" > \"${SCRIPT_OUTPUT_FILE_0}\"\n";
			showEnvVarsInLog = 0;
		};
		5BD3A67F96728EED608D8805 /* [CP] Embed Pods Frameworks */ = {
			isa = PBXShellScriptBuildPhase;
			buildActionMask = 2147483647;
			files = (
			);
			inputFileListPaths = (
				"${PODS_ROOT}/Target Support Files/Pods-Meteor/Pods-Meteor-frameworks-${CONFIGURATION}-input-files.xcfilelist",
			);
			name = "[CP] Embed Pods Frameworks";
			outputFileListPaths = (
				"${PODS_ROOT}/Target Support Files/Pods-Meteor/Pods-Meteor-frameworks-${CONFIGURATION}-output-files.xcfilelist",
			);
			runOnlyForDeploymentPostprocessing = 0;
			shellPath = /bin/sh;
			shellScript = "\"${PODS_ROOT}/Target Support Files/Pods-Meteor/Pods-Meteor-frameworks.sh\"\n";
			showEnvVarsInLog = 0;
		};
/* End PBXShellScriptBuildPhase section */

/* Begin PBXSourcesBuildPhase section */
		A0998A4725FC99E7001BAEFD /* Sources */ = {
			isa = PBXSourcesBuildPhase;
			buildActionMask = 2147483647;
			files = (
				A0ED409B2601FD87009990ED /* Todo.swift in Sources */,
				A0A4C12825FE25890090A214 /* TodoViewController.swift in Sources */,
				A0998A5325FC99E7001BAEFD /* MeteorViewController.swift in Sources */,
				A0998A4F25FC99E7001BAEFD /* AppDelegate.swift in Sources */,
				A0ED408F26009DB5009990ED /* InputViewController.swift in Sources */,
				A0ED409F2602244E009990ED /* Storage.swift in Sources */,
				A0998A5125FC99E7001BAEFD /* SceneDelegate.swift in Sources */,
				A0AAAFA526270CC600D6E5EB /* VersionViewController.swift in Sources */,
				A0F1AF0D26130BAF009084AB /* ModifyViewController.swift in Sources */,
				A0A4C11F25FDDEA00090A214 /* SettingsViewController.swift in Sources */,
			);
			runOnlyForDeploymentPostprocessing = 0;
		};
/* End PBXSourcesBuildPhase section */

/* Begin PBXVariantGroup section */
		A06A51EE2634075E003DAEEF /* Localizable.strings */ = {
			isa = PBXVariantGroup;
			children = (
				A06A51ED2634075E003DAEEF /* en */,
			);
			name = Localizable.strings;
			sourceTree = "<group>";
		};
		A06A51F5263409D6003DAEEF /* Localizable.strings */ = {
			isa = PBXVariantGroup;
			children = (
				A06A51F4263409D6003DAEEF /* ko */,
			);
			name = Localizable.strings;
			sourceTree = "<group>";
		};
		A0998A5425FC99E7001BAEFD /* Main.storyboard */ = {
			isa = PBXVariantGroup;
			children = (
				A0998A5525FC99E7001BAEFD /* Base */,
				A0FDFB0A2636A730007ED3C2 /* ko */,
			);
			name = Main.storyboard;
			sourceTree = "<group>";
		};
		A0998A5925FC99E9001BAEFD /* LaunchScreen.storyboard */ = {
			isa = PBXVariantGroup;
			children = (
				A0998A5A25FC99E9001BAEFD /* Base */,
			);
			name = LaunchScreen.storyboard;
			sourceTree = "<group>";
		};
/* End PBXVariantGroup section */

/* Begin XCBuildConfiguration section */
		A0998A5D25FC99E9001BAEFD /* Debug */ = {
			isa = XCBuildConfiguration;
			buildSettings = {
				ALWAYS_SEARCH_USER_PATHS = NO;
				CLANG_ANALYZER_LOCALIZABILITY_NONLOCALIZED = YES;
				CLANG_ANALYZER_NONNULL = YES;
				CLANG_ANALYZER_NUMBER_OBJECT_CONVERSION = YES_AGGRESSIVE;
				CLANG_CXX_LANGUAGE_STANDARD = "gnu++14";
				CLANG_CXX_LIBRARY = "libc++";
				CLANG_ENABLE_MODULES = YES;
				CLANG_ENABLE_OBJC_ARC = YES;
				CLANG_ENABLE_OBJC_WEAK = YES;
				CLANG_WARN_BLOCK_CAPTURE_AUTORELEASING = YES;
				CLANG_WARN_BOOL_CONVERSION = YES;
				CLANG_WARN_COMMA = YES;
				CLANG_WARN_CONSTANT_CONVERSION = YES;
				CLANG_WARN_DEPRECATED_OBJC_IMPLEMENTATIONS = YES;
				CLANG_WARN_DIRECT_OBJC_ISA_USAGE = YES_ERROR;
				CLANG_WARN_DOCUMENTATION_COMMENTS = YES;
				CLANG_WARN_EMPTY_BODY = YES;
				CLANG_WARN_ENUM_CONVERSION = YES;
				CLANG_WARN_INFINITE_RECURSION = YES;
				CLANG_WARN_INT_CONVERSION = YES;
				CLANG_WARN_NON_LITERAL_NULL_CONVERSION = YES;
				CLANG_WARN_OBJC_IMPLICIT_RETAIN_SELF = YES;
				CLANG_WARN_OBJC_LITERAL_CONVERSION = YES;
				CLANG_WARN_OBJC_ROOT_CLASS = YES_ERROR;
				CLANG_WARN_QUOTED_INCLUDE_IN_FRAMEWORK_HEADER = YES;
				CLANG_WARN_RANGE_LOOP_ANALYSIS = YES;
				CLANG_WARN_STRICT_PROTOTYPES = YES;
				CLANG_WARN_SUSPICIOUS_MOVE = YES;
				CLANG_WARN_UNGUARDED_AVAILABILITY = YES_AGGRESSIVE;
				CLANG_WARN_UNREACHABLE_CODE = YES;
				CLANG_WARN__DUPLICATE_METHOD_MATCH = YES;
				COPY_PHASE_STRIP = NO;
				DEBUG_INFORMATION_FORMAT = dwarf;
				ENABLE_STRICT_OBJC_MSGSEND = YES;
				ENABLE_TESTABILITY = YES;
				GCC_C_LANGUAGE_STANDARD = gnu11;
				GCC_DYNAMIC_NO_PIC = NO;
				GCC_NO_COMMON_BLOCKS = YES;
				GCC_OPTIMIZATION_LEVEL = 0;
				GCC_PREPROCESSOR_DEFINITIONS = (
					"DEBUG=1",
					"$(inherited)",
				);
				GCC_WARN_64_TO_32_BIT_CONVERSION = YES;
				GCC_WARN_ABOUT_RETURN_TYPE = YES_ERROR;
				GCC_WARN_UNDECLARED_SELECTOR = YES;
				GCC_WARN_UNINITIALIZED_AUTOS = YES_AGGRESSIVE;
				GCC_WARN_UNUSED_FUNCTION = YES;
				GCC_WARN_UNUSED_VARIABLE = YES;
				IPHONEOS_DEPLOYMENT_TARGET = 13.0;
				MTL_ENABLE_DEBUG_INFO = INCLUDE_SOURCE;
				MTL_FAST_MATH = YES;
				ONLY_ACTIVE_ARCH = YES;
				SDKROOT = iphoneos;
				SWIFT_ACTIVE_COMPILATION_CONDITIONS = DEBUG;
				SWIFT_OPTIMIZATION_LEVEL = "-Onone";
			};
			name = Debug;
		};
		A0998A5E25FC99E9001BAEFD /* Release */ = {
			isa = XCBuildConfiguration;
			buildSettings = {
				ALWAYS_SEARCH_USER_PATHS = NO;
				CLANG_ANALYZER_LOCALIZABILITY_NONLOCALIZED = YES;
				CLANG_ANALYZER_NONNULL = YES;
				CLANG_ANALYZER_NUMBER_OBJECT_CONVERSION = YES_AGGRESSIVE;
				CLANG_CXX_LANGUAGE_STANDARD = "gnu++14";
				CLANG_CXX_LIBRARY = "libc++";
				CLANG_ENABLE_MODULES = YES;
				CLANG_ENABLE_OBJC_ARC = YES;
				CLANG_ENABLE_OBJC_WEAK = YES;
				CLANG_WARN_BLOCK_CAPTURE_AUTORELEASING = YES;
				CLANG_WARN_BOOL_CONVERSION = YES;
				CLANG_WARN_COMMA = YES;
				CLANG_WARN_CONSTANT_CONVERSION = YES;
				CLANG_WARN_DEPRECATED_OBJC_IMPLEMENTATIONS = YES;
				CLANG_WARN_DIRECT_OBJC_ISA_USAGE = YES_ERROR;
				CLANG_WARN_DOCUMENTATION_COMMENTS = YES;
				CLANG_WARN_EMPTY_BODY = YES;
				CLANG_WARN_ENUM_CONVERSION = YES;
				CLANG_WARN_INFINITE_RECURSION = YES;
				CLANG_WARN_INT_CONVERSION = YES;
				CLANG_WARN_NON_LITERAL_NULL_CONVERSION = YES;
				CLANG_WARN_OBJC_IMPLICIT_RETAIN_SELF = YES;
				CLANG_WARN_OBJC_LITERAL_CONVERSION = YES;
				CLANG_WARN_OBJC_ROOT_CLASS = YES_ERROR;
				CLANG_WARN_QUOTED_INCLUDE_IN_FRAMEWORK_HEADER = YES;
				CLANG_WARN_RANGE_LOOP_ANALYSIS = YES;
				CLANG_WARN_STRICT_PROTOTYPES = YES;
				CLANG_WARN_SUSPICIOUS_MOVE = YES;
				CLANG_WARN_UNGUARDED_AVAILABILITY = YES_AGGRESSIVE;
				CLANG_WARN_UNREACHABLE_CODE = YES;
				CLANG_WARN__DUPLICATE_METHOD_MATCH = YES;
				COPY_PHASE_STRIP = NO;
				DEBUG_INFORMATION_FORMAT = "dwarf-with-dsym";
				ENABLE_NS_ASSERTIONS = NO;
				ENABLE_STRICT_OBJC_MSGSEND = YES;
				GCC_C_LANGUAGE_STANDARD = gnu11;
				GCC_NO_COMMON_BLOCKS = YES;
				GCC_WARN_64_TO_32_BIT_CONVERSION = YES;
				GCC_WARN_ABOUT_RETURN_TYPE = YES_ERROR;
				GCC_WARN_UNDECLARED_SELECTOR = YES;
				GCC_WARN_UNINITIALIZED_AUTOS = YES_AGGRESSIVE;
				GCC_WARN_UNUSED_FUNCTION = YES;
				GCC_WARN_UNUSED_VARIABLE = YES;
				IPHONEOS_DEPLOYMENT_TARGET = 13.0;
				MTL_ENABLE_DEBUG_INFO = NO;
				MTL_FAST_MATH = YES;
				SDKROOT = iphoneos;
				SWIFT_COMPILATION_MODE = wholemodule;
				SWIFT_OPTIMIZATION_LEVEL = "-O";
				VALIDATE_PRODUCT = YES;
			};
			name = Release;
		};
		A0998A6025FC99E9001BAEFD /* Debug */ = {
			isa = XCBuildConfiguration;
			baseConfigurationReference = F565FE62F83FABCC90C4C6E6 /* Pods-Meteor.debug.xcconfig */;
			buildSettings = {
				ASSETCATALOG_COMPILER_APPICON_NAME = AppIcon;
				ASSETCATALOG_COMPILER_GLOBAL_ACCENT_COLOR_NAME = AccentColor;
				CODE_SIGN_IDENTITY = "Apple Development";
				CODE_SIGN_STYLE = Automatic;
				CURRENT_PROJECT_VERSION = 38;
				DEVELOPMENT_TEAM = HM9J3DG5MT;
				INFOPLIST_FILE = Meteor/Info.plist;
				IPHONEOS_DEPLOYMENT_TARGET = 13.0;
				LD_RUNPATH_SEARCH_PATHS = (
					"$(inherited)",
					"@executable_path/Frameworks",
				);
				MARKETING_VERSION = 1.0.0;
				PRODUCT_BUNDLE_IDENTIFIER = com.soduma.Meteor;
				PRODUCT_NAME = "$(TARGET_NAME)";
				PROVISIONING_PROFILE_SPECIFIER = "";
				SWIFT_VERSION = 5.0;
				TARGETED_DEVICE_FAMILY = 1;
			};
			name = Debug;
		};
		A0998A6125FC99E9001BAEFD /* Release */ = {
			isa = XCBuildConfiguration;
			baseConfigurationReference = 60AC4605E0E5705F339B6BD2 /* Pods-Meteor.release.xcconfig */;
			buildSettings = {
				ASSETCATALOG_COMPILER_APPICON_NAME = AppIcon;
				ASSETCATALOG_COMPILER_GLOBAL_ACCENT_COLOR_NAME = AccentColor;
				CODE_SIGN_IDENTITY = "Apple Development";
				CODE_SIGN_STYLE = Automatic;
				CURRENT_PROJECT_VERSION = 38;
				DEVELOPMENT_TEAM = HM9J3DG5MT;
				INFOPLIST_FILE = Meteor/Info.plist;
				IPHONEOS_DEPLOYMENT_TARGET = 13.0;
				LD_RUNPATH_SEARCH_PATHS = (
					"$(inherited)",
					"@executable_path/Frameworks",
				);
				MARKETING_VERSION = 1.0.0;
				PRODUCT_BUNDLE_IDENTIFIER = com.soduma.Meteor;
				PRODUCT_NAME = "$(TARGET_NAME)";
				PROVISIONING_PROFILE_SPECIFIER = "";
				SWIFT_VERSION = 5.0;
				TARGETED_DEVICE_FAMILY = 1;
			};
			name = Release;
		};
/* End XCBuildConfiguration section */

/* Begin XCConfigurationList section */
		A0998A4625FC99E7001BAEFD /* Build configuration list for PBXProject "Meteor" */ = {
			isa = XCConfigurationList;
			buildConfigurations = (
				A0998A5D25FC99E9001BAEFD /* Debug */,
				A0998A5E25FC99E9001BAEFD /* Release */,
			);
			defaultConfigurationIsVisible = 0;
			defaultConfigurationName = Release;
		};
		A0998A5F25FC99E9001BAEFD /* Build configuration list for PBXNativeTarget "Meteor" */ = {
			isa = XCConfigurationList;
			buildConfigurations = (
				A0998A6025FC99E9001BAEFD /* Debug */,
				A0998A6125FC99E9001BAEFD /* Release */,
			);
			defaultConfigurationIsVisible = 0;
			defaultConfigurationName = Release;
		};
/* End XCConfigurationList section */
	};
	rootObject = A0998A4325FC99E7001BAEFD /* Project object */;
}
